// !$*UTF8*$!
{
	archiveVersion = 1;
	classes = {
	};
	objectVersion = 55;
	objects = {

/* Begin PBXBuildFile section */
		4510DF3F6BCBA4AB48214219 /* Pods_Zal_User.framework in Frameworks */ = {isa = PBXBuildFile; fileRef = D938FEDFF5CE5582D62E0F28 /* Pods_Zal_User.framework */; };
		8402D7E629CB8C0A00CC3E90 /* CheckOutVC.swift in Sources */ = {isa = PBXBuildFile; fileRef = 8402D7E429CB8C0A00CC3E90 /* CheckOutVC.swift */; };
		8402D7E729CB8C0A00CC3E90 /* CheckOutVC.xib in Resources */ = {isa = PBXBuildFile; fileRef = 8402D7E529CB8C0A00CC3E90 /* CheckOutVC.xib */; };
		840AE724298D70AC000BECE2 /* AppDelegate.swift in Sources */ = {isa = PBXBuildFile; fileRef = 840AE723298D70AC000BECE2 /* AppDelegate.swift */; };
		840AE72B298D70AC000BECE2 /* Main.storyboard in Resources */ = {isa = PBXBuildFile; fileRef = 840AE729298D70AC000BECE2 /* Main.storyboard */; };
		840AE72D298D70AD000BECE2 /* Assets.xcassets in Resources */ = {isa = PBXBuildFile; fileRef = 840AE72C298D70AD000BECE2 /* Assets.xcassets */; };
		840AE730298D70AD000BECE2 /* LaunchScreen.storyboard in Resources */ = {isa = PBXBuildFile; fileRef = 840AE72E298D70AD000BECE2 /* LaunchScreen.storyboard */; };
		840AE73A298D77F5000BECE2 /* LoginVC.swift in Sources */ = {isa = PBXBuildFile; fileRef = 840AE739298D77F5000BECE2 /* LoginVC.swift */; };
		840AE73D298D7BBA000BECE2 /* UiRespond.swift in Sources */ = {isa = PBXBuildFile; fileRef = 840AE73C298D7BBA000BECE2 /* UiRespond.swift */; };
		840AE73F298D7BD5000BECE2 /* Langua.swift in Sources */ = {isa = PBXBuildFile; fileRef = 840AE73E298D7BD5000BECE2 /* Langua.swift */; };
		840AE741298D7BF1000BECE2 /* UIViewController.swift in Sources */ = {isa = PBXBuildFile; fileRef = 840AE740298D7BF0000BECE2 /* UIViewController.swift */; };
		840AE743298D7C0E000BECE2 /* String.swift in Sources */ = {isa = PBXBuildFile; fileRef = 840AE742298D7C0E000BECE2 /* String.swift */; };
		840AE745298D7C30000BECE2 /* CALayer.swift in Sources */ = {isa = PBXBuildFile; fileRef = 840AE744298D7C30000BECE2 /* CALayer.swift */; };
		840AE747298D7C53000BECE2 /* uitabelViewExtention.swift in Sources */ = {isa = PBXBuildFile; fileRef = 840AE746298D7C53000BECE2 /* uitabelViewExtention.swift */; };
		840AE749298D7C6D000BECE2 /* ReusableUIView+Extension.swift in Sources */ = {isa = PBXBuildFile; fileRef = 840AE748298D7C6D000BECE2 /* ReusableUIView+Extension.swift */; };
		840AE74B298D7C8A000BECE2 /* uiimageExtention.swift in Sources */ = {isa = PBXBuildFile; fileRef = 840AE74A298D7C8A000BECE2 /* uiimageExtention.swift */; };
		840AE74E298D7CF0000BECE2 /* AuthServisces.swift in Sources */ = {isa = PBXBuildFile; fileRef = 840AE74D298D7CF0000BECE2 /* AuthServisces.swift */; };
		840AE751298D7D43000BECE2 /* DateController.swift in Sources */ = {isa = PBXBuildFile; fileRef = 840AE74F298D7D43000BECE2 /* DateController.swift */; };
		840AE752298D7D43000BECE2 /* DateController.xib in Resources */ = {isa = PBXBuildFile; fileRef = 840AE750298D7D43000BECE2 /* DateController.xib */; };
		840AE754298D7EE8000BECE2 /* Constant.swift in Sources */ = {isa = PBXBuildFile; fileRef = 840AE753298D7EE8000BECE2 /* Constant.swift */; };
		840AE757298D7FE2000BECE2 /* NetworkManager.swift in Sources */ = {isa = PBXBuildFile; fileRef = 840AE756298D7FE2000BECE2 /* NetworkManager.swift */; };
		840AE759298D8001000BECE2 /* HttpHeader.swift in Sources */ = {isa = PBXBuildFile; fileRef = 840AE758298D8001000BECE2 /* HttpHeader.swift */; };
		840AE75B298D80AD000BECE2 /* BaseCodebal.swift in Sources */ = {isa = PBXBuildFile; fileRef = 840AE75A298D80AD000BECE2 /* BaseCodebal.swift */; };
		840AE75D298D80C9000BECE2 /* Router.swift in Sources */ = {isa = PBXBuildFile; fileRef = 840AE75C298D80C9000BECE2 /* Router.swift */; };
		840AE75F298D8364000BECE2 /* LoginPresenter.swift in Sources */ = {isa = PBXBuildFile; fileRef = 840AE75E298D8364000BECE2 /* LoginPresenter.swift */; };
		840AE761298D83C1000BECE2 /* UserModel.swift in Sources */ = {isa = PBXBuildFile; fileRef = 840AE760298D83C1000BECE2 /* UserModel.swift */; };
		840AE764298D93DE000BECE2 /* SignUP.swift in Sources */ = {isa = PBXBuildFile; fileRef = 840AE763298D93DE000BECE2 /* SignUP.swift */; };
		840AE766298D9ACC000BECE2 /* CityPosition.swift in Sources */ = {isa = PBXBuildFile; fileRef = 840AE765298D9ACC000BECE2 /* CityPosition.swift */; };
		840AE768298D9B1B000BECE2 /* cityModel.swift in Sources */ = {isa = PBXBuildFile; fileRef = 840AE767298D9B1B000BECE2 /* cityModel.swift */; };
		840AE76A298D9C0B000BECE2 /* AreaPosition.swift in Sources */ = {isa = PBXBuildFile; fileRef = 840AE769298D9C0B000BECE2 /* AreaPosition.swift */; };
		840AE76D298D9CA2000BECE2 /* MapPageVC.swift in Sources */ = {isa = PBXBuildFile; fileRef = 840AE76B298D9CA2000BECE2 /* MapPageVC.swift */; };
		840AE76E298D9CA2000BECE2 /* MapPageVC.xib in Resources */ = {isa = PBXBuildFile; fileRef = 840AE76C298D9CA2000BECE2 /* MapPageVC.xib */; };
		840AE770298D9D3D000BECE2 /* SignUpPresenter.swift in Sources */ = {isa = PBXBuildFile; fileRef = 840AE76F298D9D3D000BECE2 /* SignUpPresenter.swift */; };
		840AE773298EFCDA000BECE2 /* ForgetPassVC.swift in Sources */ = {isa = PBXBuildFile; fileRef = 840AE772298EFCDA000BECE2 /* ForgetPassVC.swift */; };
		840AE775298EFE9B000BECE2 /* ForgetModel.swift in Sources */ = {isa = PBXBuildFile; fileRef = 840AE774298EFE9B000BECE2 /* ForgetModel.swift */; };
		8415E9E129996513007B1A48 /* NearStoreVC.swift in Sources */ = {isa = PBXBuildFile; fileRef = 8415E9DF29996513007B1A48 /* NearStoreVC.swift */; };
		8415E9E229996513007B1A48 /* NearStoreVC.xib in Resources */ = {isa = PBXBuildFile; fileRef = 8415E9E029996513007B1A48 /* NearStoreVC.xib */; };
		8415E9E529996701007B1A48 /* NearStoreTabelCell.swift in Sources */ = {isa = PBXBuildFile; fileRef = 8415E9E329996701007B1A48 /* NearStoreTabelCell.swift */; };
		8415E9E629996701007B1A48 /* NearStoreTabelCell.xib in Resources */ = {isa = PBXBuildFile; fileRef = 8415E9E429996701007B1A48 /* NearStoreTabelCell.xib */; };
		841A823D299D72F900141DEE /* MoreModel.swift in Sources */ = {isa = PBXBuildFile; fileRef = 841A823C299D72F900141DEE /* MoreModel.swift */; };
		841A8240299D732D00141DEE /* MoreVC.swift in Sources */ = {isa = PBXBuildFile; fileRef = 841A823E299D732D00141DEE /* MoreVC.swift */; };
		841A8241299D732D00141DEE /* MoreVC.xib in Resources */ = {isa = PBXBuildFile; fileRef = 841A823F299D732D00141DEE /* MoreVC.xib */; };
		841A8244299D736E00141DEE /* MoreCell.swift in Sources */ = {isa = PBXBuildFile; fileRef = 841A8242299D736E00141DEE /* MoreCell.swift */; };
		841A8245299D736E00141DEE /* MoreCell.xib in Resources */ = {isa = PBXBuildFile; fileRef = 841A8243299D736E00141DEE /* MoreCell.xib */; };
		841BB1DF299420DE00F74113 /* HomeTabbarVC.swift in Sources */ = {isa = PBXBuildFile; fileRef = 841BB1DD299420DE00F74113 /* HomeTabbarVC.swift */; };
		841BB1E0299420DE00F74113 /* HomeTabbarVC.xib in Resources */ = {isa = PBXBuildFile; fileRef = 841BB1DE299420DE00F74113 /* HomeTabbarVC.xib */; };
		841BB1E8299421C500F74113 /* HomeVC.swift in Sources */ = {isa = PBXBuildFile; fileRef = 841BB1E6299421C500F74113 /* HomeVC.swift */; };
		841BB1E9299421C500F74113 /* HomeVC.xib in Resources */ = {isa = PBXBuildFile; fileRef = 841BB1E7299421C500F74113 /* HomeVC.xib */; };
		841BB1EB29942CD000F74113 /* HomePresenter.swift in Sources */ = {isa = PBXBuildFile; fileRef = 841BB1EA29942CD000F74113 /* HomePresenter.swift */; };
		841BB1ED29942E2400F74113 /* HomeModel.swift in Sources */ = {isa = PBXBuildFile; fileRef = 841BB1EC29942E2400F74113 /* HomeModel.swift */; };
		841BB1F0299435C100F74113 /* SpecialStoreCell.swift in Sources */ = {isa = PBXBuildFile; fileRef = 841BB1EE299435C100F74113 /* SpecialStoreCell.swift */; };
		841BB1F1299435C100F74113 /* SpecialStoreCell.xib in Resources */ = {isa = PBXBuildFile; fileRef = 841BB1EF299435C100F74113 /* SpecialStoreCell.xib */; };
		841D356829A145F900004DB6 /* TrackOrderVC.swift in Sources */ = {isa = PBXBuildFile; fileRef = 841D356629A145F900004DB6 /* TrackOrderVC.swift */; };
		841D356929A145F900004DB6 /* TrackOrderVC.xib in Resources */ = {isa = PBXBuildFile; fileRef = 841D356729A145F900004DB6 /* TrackOrderVC.xib */; };
		84292AA0299990E4007BE0AD /* ProfileVC.swift in Sources */ = {isa = PBXBuildFile; fileRef = 84292A9E299990E4007BE0AD /* ProfileVC.swift */; };
		84292AA1299990E4007BE0AD /* ProfileVC.xib in Resources */ = {isa = PBXBuildFile; fileRef = 84292A9F299990E4007BE0AD /* ProfileVC.xib */; };
		84292AA329999C85007BE0AD /* ProfileModel.swift in Sources */ = {isa = PBXBuildFile; fileRef = 84292AA229999C85007BE0AD /* ProfileModel.swift */; };
		84292AA729999EFC007BE0AD /* EditeProfileVC.swift in Sources */ = {isa = PBXBuildFile; fileRef = 84292AA529999EFC007BE0AD /* EditeProfileVC.swift */; };
		84292AA829999EFC007BE0AD /* EditeProfileVC.xib in Resources */ = {isa = PBXBuildFile; fileRef = 84292AA629999EFC007BE0AD /* EditeProfileVC.xib */; };
		84292AAC299A5926007BE0AD /* Tajawal-Regular.ttf in Resources */ = {isa = PBXBuildFile; fileRef = 84292AA9299A5926007BE0AD /* Tajawal-Regular.ttf */; };
		84292AAD299A5926007BE0AD /* Tajawal-Bold.ttf in Resources */ = {isa = PBXBuildFile; fileRef = 84292AAA299A5926007BE0AD /* Tajawal-Bold.ttf */; };
		84292AAE299A5926007BE0AD /* Tajawal-Light.ttf in Resources */ = {isa = PBXBuildFile; fileRef = 84292AAB299A5926007BE0AD /* Tajawal-Light.ttf */; };
		84292AB2299AD1C0007BE0AD /* EditePasswordVC.swift in Sources */ = {isa = PBXBuildFile; fileRef = 84292AB0299AD1C0007BE0AD /* EditePasswordVC.swift */; };
		84292AB8299ADE70007BE0AD /* MyOrderVC.swift in Sources */ = {isa = PBXBuildFile; fileRef = 84292AB6299ADE70007BE0AD /* MyOrderVC.swift */; };
		84292AB9299ADE70007BE0AD /* MyOrderVC.xib in Resources */ = {isa = PBXBuildFile; fileRef = 84292AB7299ADE70007BE0AD /* MyOrderVC.xib */; };
		84292ABC299AE21A007BE0AD /* CurrentOrderVC.swift in Sources */ = {isa = PBXBuildFile; fileRef = 84292ABA299AE21A007BE0AD /* CurrentOrderVC.swift */; };
		84292ABD299AE21A007BE0AD /* CurrentOrderVC.xib in Resources */ = {isa = PBXBuildFile; fileRef = 84292ABB299AE21A007BE0AD /* CurrentOrderVC.xib */; };
		84292AC1299AE28F007BE0AD /* CurrentOrderCell.swift in Sources */ = {isa = PBXBuildFile; fileRef = 84292ABF299AE28F007BE0AD /* CurrentOrderCell.swift */; };
		84292AC2299AE28F007BE0AD /* CurrentOrderCell.xib in Resources */ = {isa = PBXBuildFile; fileRef = 84292AC0299AE28F007BE0AD /* CurrentOrderCell.xib */; };
		84292AC4299AEA2F007BE0AD /* CurrentOrderModel.swift in Sources */ = {isa = PBXBuildFile; fileRef = 84292AC3299AEA2F007BE0AD /* CurrentOrderModel.swift */; };
		84292AC6299AEB57007BE0AD /* CurrentPresenter.swift in Sources */ = {isa = PBXBuildFile; fileRef = 84292AC5299AEB57007BE0AD /* CurrentPresenter.swift */; };
		84292ACE299C3636007BE0AD /* FinishedOrderVC.swift in Sources */ = {isa = PBXBuildFile; fileRef = 84292ACC299C3636007BE0AD /* FinishedOrderVC.swift */; };
		84292ACF299C3636007BE0AD /* FinishedOrderVC.xib in Resources */ = {isa = PBXBuildFile; fileRef = 84292ACD299C3636007BE0AD /* FinishedOrderVC.xib */; };
		84292AD2299C36F2007BE0AD /* FinishedOrderCell.swift in Sources */ = {isa = PBXBuildFile; fileRef = 84292AD0299C36F2007BE0AD /* FinishedOrderCell.swift */; };
		84292AD3299C36F2007BE0AD /* FinishedOrderCell.xib in Resources */ = {isa = PBXBuildFile; fileRef = 84292AD1299C36F2007BE0AD /* FinishedOrderCell.xib */; };
		84292AD5299C39D3007BE0AD /* finshOrderPresenter.swift in Sources */ = {isa = PBXBuildFile; fileRef = 84292AD4299C39D3007BE0AD /* finshOrderPresenter.swift */; };
		84292AD9299C3D63007BE0AD /* CancelOrderCell.swift in Sources */ = {isa = PBXBuildFile; fileRef = 84292AD7299C3D62007BE0AD /* CancelOrderCell.swift */; };
		84292ADA299C3D64007BE0AD /* CancelOrderCell.xib in Resources */ = {isa = PBXBuildFile; fileRef = 84292AD8299C3D63007BE0AD /* CancelOrderCell.xib */; };
		84292ADD299C3DCC007BE0AD /* CancelOrderVC.swift in Sources */ = {isa = PBXBuildFile; fileRef = 84292ADB299C3DCC007BE0AD /* CancelOrderVC.swift */; };
		84292ADE299C3DCC007BE0AD /* CancelOrderVC.xib in Resources */ = {isa = PBXBuildFile; fileRef = 84292ADC299C3DCC007BE0AD /* CancelOrderVC.xib */; };
		84292AE0299C3FC1007BE0AD /* CancelOrderPresenter.swift in Sources */ = {isa = PBXBuildFile; fileRef = 84292ADF299C3FC1007BE0AD /* CancelOrderPresenter.swift */; };
		843E8F3929C62C6800E91C12 /* CartModel.swift in Sources */ = {isa = PBXBuildFile; fileRef = 843E8F3829C62C6800E91C12 /* CartModel.swift */; };
		843E8F3B29C62E1200E91C12 /* CartPresenter.swift in Sources */ = {isa = PBXBuildFile; fileRef = 843E8F3A29C62E1200E91C12 /* CartPresenter.swift */; };
		844E88B029BE5F1D00F157CF /* EditAddressVC.swift in Sources */ = {isa = PBXBuildFile; fileRef = 844E88AE29BE5F1D00F157CF /* EditAddressVC.swift */; };
		844E88B129BE5F1D00F157CF /* EditAddressVC.xib in Resources */ = {isa = PBXBuildFile; fileRef = 844E88AF29BE5F1D00F157CF /* EditAddressVC.xib */; };
		844E88B529BE731300F157CF /* FavoriteVC.swift in Sources */ = {isa = PBXBuildFile; fileRef = 844E88B329BE731300F157CF /* FavoriteVC.swift */; };
		844E88B629BE731300F157CF /* FavoriteVC.xib in Resources */ = {isa = PBXBuildFile; fileRef = 844E88B429BE731300F157CF /* FavoriteVC.xib */; };
		844E88B929BE739B00F157CF /* FavoriteCell.swift in Sources */ = {isa = PBXBuildFile; fileRef = 844E88B729BE739B00F157CF /* FavoriteCell.swift */; };
		844E88BA29BE739B00F157CF /* FavoriteCell.xib in Resources */ = {isa = PBXBuildFile; fileRef = 844E88B829BE739B00F157CF /* FavoriteCell.xib */; };
		844E88BC29BE786100F157CF /* FavoriteModel.swift in Sources */ = {isa = PBXBuildFile; fileRef = 844E88BB29BE786100F157CF /* FavoriteModel.swift */; };
		844E88BE29BE78BA00F157CF /* FavoritePresenter.swift in Sources */ = {isa = PBXBuildFile; fileRef = 844E88BD29BE78BA00F157CF /* FavoritePresenter.swift */; };
		844E88C029BE7FD200F157CF /* AddressPosition.swift in Sources */ = {isa = PBXBuildFile; fileRef = 844E88BF29BE7FD200F157CF /* AddressPosition.swift */; };
		8453F3ED29BFBE6C00F06E67 /* CartVC.swift in Sources */ = {isa = PBXBuildFile; fileRef = 8453F3EB29BFBE6C00F06E67 /* CartVC.swift */; };
		8453F3EE29BFBE6C00F06E67 /* CartVC.xib in Resources */ = {isa = PBXBuildFile; fileRef = 8453F3EC29BFBE6C00F06E67 /* CartVC.xib */; };
		8453F3F229BFC09100F06E67 /* CartProductCell.swift in Sources */ = {isa = PBXBuildFile; fileRef = 8453F3F029BFC09100F06E67 /* CartProductCell.swift */; };
		8453F3F329BFC09100F06E67 /* CartProductCell.xib in Resources */ = {isa = PBXBuildFile; fileRef = 8453F3F129BFC09100F06E67 /* CartProductCell.xib */; };
		845F032229AB8749006EB4C2 /* StoreVC.swift in Sources */ = {isa = PBXBuildFile; fileRef = 845F032029AB8749006EB4C2 /* StoreVC.swift */; };
		845F032329AB8749006EB4C2 /* StoreVC.xib in Resources */ = {isa = PBXBuildFile; fileRef = 845F032129AB8749006EB4C2 /* StoreVC.xib */; };
		845F032729AB94BA006EB4C2 /* CategorycollectionCell.swift in Sources */ = {isa = PBXBuildFile; fileRef = 845F032529AB94BA006EB4C2 /* CategorycollectionCell.swift */; };
		845F032829AB94BA006EB4C2 /* CategorycollectionCell.xib in Resources */ = {isa = PBXBuildFile; fileRef = 845F032629AB94BA006EB4C2 /* CategorycollectionCell.xib */; };
		845F033029ABA471006EB4C2 /* ProductionViewCell.swift in Sources */ = {isa = PBXBuildFile; fileRef = 845F032E29ABA471006EB4C2 /* ProductionViewCell.swift */; };
		845F033129ABA471006EB4C2 /* ProductionViewCell.xib in Resources */ = {isa = PBXBuildFile; fileRef = 845F032F29ABA471006EB4C2 /* ProductionViewCell.xib */; };
		849486FC299D5EFE0049EE07 /* NearStorePresenter.swift in Sources */ = {isa = PBXBuildFile; fileRef = 849486FB299D5EFE0049EE07 /* NearStorePresenter.swift */; };
		849486FE299D61870049EE07 /* NearStoreModel.swift in Sources */ = {isa = PBXBuildFile; fileRef = 849486FD299D61870049EE07 /* NearStoreModel.swift */; };
		84948700299D65E50049EE07 /* LocationManger.swift in Sources */ = {isa = PBXBuildFile; fileRef = 849486FF299D65E50049EE07 /* LocationManger.swift */; };
		849F034D29BCF7820010A3F8 /* AddAddressVC.swift in Sources */ = {isa = PBXBuildFile; fileRef = 849F034B29BCF7820010A3F8 /* AddAddressVC.swift */; };
		849F034E29BCF7820010A3F8 /* AddAddressVC.xib in Resources */ = {isa = PBXBuildFile; fileRef = 849F034C29BCF7820010A3F8 /* AddAddressVC.xib */; };
		849F170C29DA13CE00EE81DE /* MessageVC.swift in Sources */ = {isa = PBXBuildFile; fileRef = 849F170A29DA13CE00EE81DE /* MessageVC.swift */; };
		849F170D29DA13CE00EE81DE /* MessageVC.xib in Resources */ = {isa = PBXBuildFile; fileRef = 849F170B29DA13CE00EE81DE /* MessageVC.xib */; };
		849F171029DA145C00EE81DE /* MessagelistCell.swift in Sources */ = {isa = PBXBuildFile; fileRef = 849F170E29DA145C00EE81DE /* MessagelistCell.swift */; };
		849F171129DA145C00EE81DE /* MessagelistCell.xib in Resources */ = {isa = PBXBuildFile; fileRef = 849F170F29DA145C00EE81DE /* MessagelistCell.xib */; };
		849F171329DA157C00EE81DE /* chatModel.swift in Sources */ = {isa = PBXBuildFile; fileRef = 849F171229DA157C00EE81DE /* chatModel.swift */; };
		849F171529DA15E200EE81DE /* messagePresenter.swift in Sources */ = {isa = PBXBuildFile; fileRef = 849F171429DA15E200EE81DE /* messagePresenter.swift */; };
		849F171929DA1DF000EE81DE /* ChatVC.swift in Sources */ = {isa = PBXBuildFile; fileRef = 849F171729DA1DF000EE81DE /* ChatVC.swift */; };
		849F171A29DA1DF000EE81DE /* ChatVC.xib in Resources */ = {isa = PBXBuildFile; fileRef = 849F171829DA1DF000EE81DE /* ChatVC.xib */; };
		849F171C29DA1F3900EE81DE /* ChatModel.swift in Sources */ = {isa = PBXBuildFile; fileRef = 849F171B29DA1F3900EE81DE /* ChatModel.swift */; };
		849F171F29DA280500EE81DE /* ChatMessageCell.swift in Sources */ = {isa = PBXBuildFile; fileRef = 849F171D29DA280500EE81DE /* ChatMessageCell.swift */; };
		849F172029DA280500EE81DE /* ChatMessageCell.xib in Resources */ = {isa = PBXBuildFile; fileRef = 849F171E29DA280500EE81DE /* ChatMessageCell.xib */; };
		849FFF2F29AFD11B00332478 /* ProductDetailsVC.swift in Sources */ = {isa = PBXBuildFile; fileRef = 849FFF2D29AFD11B00332478 /* ProductDetailsVC.swift */; };
		849FFF3029AFD11B00332478 /* ProductDetailsVC.xib in Resources */ = {isa = PBXBuildFile; fileRef = 849FFF2E29AFD11B00332478 /* ProductDetailsVC.xib */; };
		849FFF3429AFE00B00332478 /* ProductRateVC.swift in Sources */ = {isa = PBXBuildFile; fileRef = 849FFF3229AFE00B00332478 /* ProductRateVC.swift */; };
		849FFF3529AFE00B00332478 /* ProductRateVC.xib in Resources */ = {isa = PBXBuildFile; fileRef = 849FFF3329AFE00B00332478 /* ProductRateVC.xib */; };
		849FFF3C29AFE21200332478 /* RateStoreCell.swift in Sources */ = {isa = PBXBuildFile; fileRef = 849FFF3A29AFE21200332478 /* RateStoreCell.swift */; };
		849FFF3D29AFE21200332478 /* RateStoreCell.xib in Resources */ = {isa = PBXBuildFile; fileRef = 849FFF3B29AFE21200332478 /* RateStoreCell.xib */; };
		84A980FE2990386D00D89A72 /* ForgetPassCodeVC.swift in Sources */ = {isa = PBXBuildFile; fileRef = 84A980FD2990386D00D89A72 /* ForgetPassCodeVC.swift */; };
		84A9810129903EEA00D89A72 /* NewPasswordVC.swift in Sources */ = {isa = PBXBuildFile; fileRef = 84A9810029903EEA00D89A72 /* NewPasswordVC.swift */; };
		84A981042990411B00D89A72 /* VerivicationCodeVC.swift in Sources */ = {isa = PBXBuildFile; fileRef = 84A981032990411B00D89A72 /* VerivicationCodeVC.swift */; };
		84B13D1F29BCE1FE00F8B226 /* ShowlistAdressVC.swift in Sources */ = {isa = PBXBuildFile; fileRef = 84B13D1D29BCE1FE00F8B226 /* ShowlistAdressVC.swift */; };
		84B13D2029BCE1FE00F8B226 /* ShowlistAdressVC.xib in Resources */ = {isa = PBXBuildFile; fileRef = 84B13D1E29BCE1FE00F8B226 /* ShowlistAdressVC.xib */; };
		84B13D2329BCE33100F8B226 /* AdressCell.swift in Sources */ = {isa = PBXBuildFile; fileRef = 84B13D2129BCE33100F8B226 /* AdressCell.swift */; };
		84B13D2429BCE33100F8B226 /* AdressCell.xib in Resources */ = {isa = PBXBuildFile; fileRef = 84B13D2229BCE33100F8B226 /* AdressCell.xib */; };
		84B13D2629BCE68D00F8B226 /* AddressListPresenter.swift in Sources */ = {isa = PBXBuildFile; fileRef = 84B13D2529BCE68D00F8B226 /* AddressListPresenter.swift */; };
		84B13D2829BCE73700F8B226 /* AddressListModel.swift in Sources */ = {isa = PBXBuildFile; fileRef = 84B13D2729BCE73700F8B226 /* AddressListModel.swift */; };
		84B6CB642994E8420049192E /* NearStoreCell.swift in Sources */ = {isa = PBXBuildFile; fileRef = 84B6CB622994E8420049192E /* NearStoreCell.swift */; };
		84B6CB652994E8420049192E /* NearStoreCell.xib in Resources */ = {isa = PBXBuildFile; fileRef = 84B6CB632994E8420049192E /* NearStoreCell.xib */; };
		84B742A429A402550091AA34 /* TrackOrderModel.swift in Sources */ = {isa = PBXBuildFile; fileRef = 84B742A329A402550091AA34 /* TrackOrderModel.swift */; };
		84B742A629A4037A0091AA34 /* TrackOrderPresenter.swift in Sources */ = {isa = PBXBuildFile; fileRef = 84B742A529A4037A0091AA34 /* TrackOrderPresenter.swift */; };
		84B742AA29A4282A0091AA34 /* IntroFirstPageVC.swift in Sources */ = {isa = PBXBuildFile; fileRef = 84B742A829A4282A0091AA34 /* IntroFirstPageVC.swift */; };
		84B742AB29A4282A0091AA34 /* IntroFirstPageVC.xib in Resources */ = {isa = PBXBuildFile; fileRef = 84B742A929A4282A0091AA34 /* IntroFirstPageVC.xib */; };
		84B742AE29A430B10091AA34 /* IntroSecondPageVC.swift in Sources */ = {isa = PBXBuildFile; fileRef = 84B742AC29A430B10091AA34 /* IntroSecondPageVC.swift */; };
		84B742AF29A430B10091AA34 /* IntroSecondPageVC.xib in Resources */ = {isa = PBXBuildFile; fileRef = 84B742AD29A430B10091AA34 /* IntroSecondPageVC.xib */; };
		84B742B229A431E10091AA34 /* IntroThirdPageVC.swift in Sources */ = {isa = PBXBuildFile; fileRef = 84B742B029A431E10091AA34 /* IntroThirdPageVC.swift */; };
		84B742B329A431E10091AA34 /* IntroThirdPageVC.xib in Resources */ = {isa = PBXBuildFile; fileRef = 84B742B129A431E10091AA34 /* IntroThirdPageVC.xib */; };
		84D7229329D4DFE800B2777A /* PaymentModel.swift in Sources */ = {isa = PBXBuildFile; fileRef = 84D7229229D4DFE800B2777A /* PaymentModel.swift */; };
		84D7229529D4E15900B2777A /* PaymentScrool.swift in Sources */ = {isa = PBXBuildFile; fileRef = 84D7229429D4E15900B2777A /* PaymentScrool.swift */; };
		84D7229729D4F0C400B2777A /* CheckOutPresenter.swift in Sources */ = {isa = PBXBuildFile; fileRef = 84D7229629D4F0C400B2777A /* CheckOutPresenter.swift */; };
		84F5202E29B00DA70003F8D5 /* RateModel.swift in Sources */ = {isa = PBXBuildFile; fileRef = 84F5202D29B00DA70003F8D5 /* RateModel.swift */; };
		84F5203029B013C10003F8D5 /* ProductDetailsModel.swift in Sources */ = {isa = PBXBuildFile; fileRef = 84F5202F29B013C10003F8D5 /* ProductDetailsModel.swift */; };
		84F5203229B013F20003F8D5 /* ProductDetailsPresenter.swift in Sources */ = {isa = PBXBuildFile; fileRef = 84F5203129B013F20003F8D5 /* ProductDetailsPresenter.swift */; };
		84FECA3829AC189F00637385 /* StoreModel.swift in Sources */ = {isa = PBXBuildFile; fileRef = 84FECA3729AC189F00637385 /* StoreModel.swift */; };
		84FECA3A29AC1B1500637385 /* StorePresenter.swift in Sources */ = {isa = PBXBuildFile; fileRef = 84FECA3929AC1B1500637385 /* StorePresenter.swift */; };
/* End PBXBuildFile section */

/* Begin PBXFileReference section */
		485C5ED39489569CBF6BD13B /* Pods-Zal_User.release.xcconfig */ = {isa = PBXFileReference; includeInIndex = 1; lastKnownFileType = text.xcconfig; name = "Pods-Zal_User.release.xcconfig"; path = "Target Support Files/Pods-Zal_User/Pods-Zal_User.release.xcconfig"; sourceTree = "<group>"; };
		7DC3E77B19EC5E2B96E508FB /* Pods-Zal_User.debug.xcconfig */ = {isa = PBXFileReference; includeInIndex = 1; lastKnownFileType = text.xcconfig; name = "Pods-Zal_User.debug.xcconfig"; path = "Target Support Files/Pods-Zal_User/Pods-Zal_User.debug.xcconfig"; sourceTree = "<group>"; };
		8402D7E429CB8C0A00CC3E90 /* CheckOutVC.swift */ = {isa = PBXFileReference; lastKnownFileType = sourcecode.swift; path = CheckOutVC.swift; sourceTree = "<group>"; };
		8402D7E529CB8C0A00CC3E90 /* CheckOutVC.xib */ = {isa = PBXFileReference; lastKnownFileType = file.xib; path = CheckOutVC.xib; sourceTree = "<group>"; };
		840AE720298D70AC000BECE2 /* Zal_User.app */ = {isa = PBXFileReference; explicitFileType = wrapper.application; includeInIndex = 0; path = Zal_User.app; sourceTree = BUILT_PRODUCTS_DIR; };
		840AE723298D70AC000BECE2 /* AppDelegate.swift */ = {isa = PBXFileReference; lastKnownFileType = sourcecode.swift; path = AppDelegate.swift; sourceTree = "<group>"; };
		840AE72A298D70AC000BECE2 /* Base */ = {isa = PBXFileReference; lastKnownFileType = file.storyboard; name = Base; path = Base.lproj/Main.storyboard; sourceTree = "<group>"; };
		840AE72C298D70AD000BECE2 /* Assets.xcassets */ = {isa = PBXFileReference; lastKnownFileType = folder.assetcatalog; path = Assets.xcassets; sourceTree = "<group>"; };
		840AE72F298D70AD000BECE2 /* Base */ = {isa = PBXFileReference; lastKnownFileType = file.storyboard; name = Base; path = Base.lproj/LaunchScreen.storyboard; sourceTree = "<group>"; };
		840AE731298D70AD000BECE2 /* Info.plist */ = {isa = PBXFileReference; lastKnownFileType = text.plist.xml; path = Info.plist; sourceTree = "<group>"; };
		840AE739298D77F5000BECE2 /* LoginVC.swift */ = {isa = PBXFileReference; lastKnownFileType = sourcecode.swift; path = LoginVC.swift; sourceTree = "<group>"; };
		840AE73C298D7BBA000BECE2 /* UiRespond.swift */ = {isa = PBXFileReference; lastKnownFileType = sourcecode.swift; path = UiRespond.swift; sourceTree = "<group>"; };
		840AE73E298D7BD5000BECE2 /* Langua.swift */ = {isa = PBXFileReference; lastKnownFileType = sourcecode.swift; path = Langua.swift; sourceTree = "<group>"; };
		840AE740298D7BF0000BECE2 /* UIViewController.swift */ = {isa = PBXFileReference; lastKnownFileType = sourcecode.swift; path = UIViewController.swift; sourceTree = "<group>"; };
		840AE742298D7C0E000BECE2 /* String.swift */ = {isa = PBXFileReference; lastKnownFileType = sourcecode.swift; path = String.swift; sourceTree = "<group>"; };
		840AE744298D7C30000BECE2 /* CALayer.swift */ = {isa = PBXFileReference; lastKnownFileType = sourcecode.swift; path = CALayer.swift; sourceTree = "<group>"; };
		840AE746298D7C53000BECE2 /* uitabelViewExtention.swift */ = {isa = PBXFileReference; lastKnownFileType = sourcecode.swift; path = uitabelViewExtention.swift; sourceTree = "<group>"; };
		840AE748298D7C6D000BECE2 /* ReusableUIView+Extension.swift */ = {isa = PBXFileReference; lastKnownFileType = sourcecode.swift; path = "ReusableUIView+Extension.swift"; sourceTree = "<group>"; };
		840AE74A298D7C8A000BECE2 /* uiimageExtention.swift */ = {isa = PBXFileReference; lastKnownFileType = sourcecode.swift; path = uiimageExtention.swift; sourceTree = "<group>"; };
		840AE74D298D7CF0000BECE2 /* AuthServisces.swift */ = {isa = PBXFileReference; lastKnownFileType = sourcecode.swift; path = AuthServisces.swift; sourceTree = "<group>"; };
		840AE74F298D7D43000BECE2 /* DateController.swift */ = {isa = PBXFileReference; lastKnownFileType = sourcecode.swift; path = DateController.swift; sourceTree = "<group>"; };
		840AE750298D7D43000BECE2 /* DateController.xib */ = {isa = PBXFileReference; lastKnownFileType = file.xib; path = DateController.xib; sourceTree = "<group>"; };
		840AE753298D7EE8000BECE2 /* Constant.swift */ = {isa = PBXFileReference; lastKnownFileType = sourcecode.swift; path = Constant.swift; sourceTree = "<group>"; };
		840AE756298D7FE2000BECE2 /* NetworkManager.swift */ = {isa = PBXFileReference; lastKnownFileType = sourcecode.swift; path = NetworkManager.swift; sourceTree = "<group>"; };
		840AE758298D8001000BECE2 /* HttpHeader.swift */ = {isa = PBXFileReference; lastKnownFileType = sourcecode.swift; path = HttpHeader.swift; sourceTree = "<group>"; };
		840AE75A298D80AD000BECE2 /* BaseCodebal.swift */ = {isa = PBXFileReference; lastKnownFileType = sourcecode.swift; path = BaseCodebal.swift; sourceTree = "<group>"; };
		840AE75C298D80C9000BECE2 /* Router.swift */ = {isa = PBXFileReference; lastKnownFileType = sourcecode.swift; path = Router.swift; sourceTree = "<group>"; };
		840AE75E298D8364000BECE2 /* LoginPresenter.swift */ = {isa = PBXFileReference; lastKnownFileType = sourcecode.swift; path = LoginPresenter.swift; sourceTree = "<group>"; };
		840AE760298D83C1000BECE2 /* UserModel.swift */ = {isa = PBXFileReference; lastKnownFileType = sourcecode.swift; path = UserModel.swift; sourceTree = "<group>"; };
		840AE763298D93DE000BECE2 /* SignUP.swift */ = {isa = PBXFileReference; lastKnownFileType = sourcecode.swift; path = SignUP.swift; sourceTree = "<group>"; };
		840AE765298D9ACC000BECE2 /* CityPosition.swift */ = {isa = PBXFileReference; lastKnownFileType = sourcecode.swift; path = CityPosition.swift; sourceTree = "<group>"; };
		840AE767298D9B1B000BECE2 /* cityModel.swift */ = {isa = PBXFileReference; lastKnownFileType = sourcecode.swift; path = cityModel.swift; sourceTree = "<group>"; };
		840AE769298D9C0B000BECE2 /* AreaPosition.swift */ = {isa = PBXFileReference; lastKnownFileType = sourcecode.swift; path = AreaPosition.swift; sourceTree = "<group>"; };
		840AE76B298D9CA2000BECE2 /* MapPageVC.swift */ = {isa = PBXFileReference; lastKnownFileType = sourcecode.swift; path = MapPageVC.swift; sourceTree = "<group>"; };
		840AE76C298D9CA2000BECE2 /* MapPageVC.xib */ = {isa = PBXFileReference; lastKnownFileType = file.xib; path = MapPageVC.xib; sourceTree = "<group>"; };
		840AE76F298D9D3D000BECE2 /* SignUpPresenter.swift */ = {isa = PBXFileReference; lastKnownFileType = sourcecode.swift; path = SignUpPresenter.swift; sourceTree = "<group>"; };
		840AE772298EFCDA000BECE2 /* ForgetPassVC.swift */ = {isa = PBXFileReference; lastKnownFileType = sourcecode.swift; path = ForgetPassVC.swift; sourceTree = "<group>"; };
		840AE774298EFE9B000BECE2 /* ForgetModel.swift */ = {isa = PBXFileReference; lastKnownFileType = sourcecode.swift; path = ForgetModel.swift; sourceTree = "<group>"; };
		8415E9DF29996513007B1A48 /* NearStoreVC.swift */ = {isa = PBXFileReference; lastKnownFileType = sourcecode.swift; path = NearStoreVC.swift; sourceTree = "<group>"; };
		8415E9E029996513007B1A48 /* NearStoreVC.xib */ = {isa = PBXFileReference; lastKnownFileType = file.xib; path = NearStoreVC.xib; sourceTree = "<group>"; };
		8415E9E329996701007B1A48 /* NearStoreTabelCell.swift */ = {isa = PBXFileReference; lastKnownFileType = sourcecode.swift; path = NearStoreTabelCell.swift; sourceTree = "<group>"; };
		8415E9E429996701007B1A48 /* NearStoreTabelCell.xib */ = {isa = PBXFileReference; lastKnownFileType = file.xib; path = NearStoreTabelCell.xib; sourceTree = "<group>"; };
		841A823C299D72F900141DEE /* MoreModel.swift */ = {isa = PBXFileReference; lastKnownFileType = sourcecode.swift; path = MoreModel.swift; sourceTree = "<group>"; };
		841A823E299D732D00141DEE /* MoreVC.swift */ = {isa = PBXFileReference; lastKnownFileType = sourcecode.swift; path = MoreVC.swift; sourceTree = "<group>"; };
		841A823F299D732D00141DEE /* MoreVC.xib */ = {isa = PBXFileReference; lastKnownFileType = file.xib; path = MoreVC.xib; sourceTree = "<group>"; };
		841A8242299D736E00141DEE /* MoreCell.swift */ = {isa = PBXFileReference; lastKnownFileType = sourcecode.swift; path = MoreCell.swift; sourceTree = "<group>"; };
		841A8243299D736E00141DEE /* MoreCell.xib */ = {isa = PBXFileReference; lastKnownFileType = file.xib; path = MoreCell.xib; sourceTree = "<group>"; };
		841BB1DD299420DE00F74113 /* HomeTabbarVC.swift */ = {isa = PBXFileReference; lastKnownFileType = sourcecode.swift; path = HomeTabbarVC.swift; sourceTree = "<group>"; };
		841BB1DE299420DE00F74113 /* HomeTabbarVC.xib */ = {isa = PBXFileReference; lastKnownFileType = file.xib; path = HomeTabbarVC.xib; sourceTree = "<group>"; };
		841BB1E6299421C500F74113 /* HomeVC.swift */ = {isa = PBXFileReference; lastKnownFileType = sourcecode.swift; path = HomeVC.swift; sourceTree = "<group>"; };
		841BB1E7299421C500F74113 /* HomeVC.xib */ = {isa = PBXFileReference; lastKnownFileType = file.xib; path = HomeVC.xib; sourceTree = "<group>"; };
		841BB1EA29942CD000F74113 /* HomePresenter.swift */ = {isa = PBXFileReference; lastKnownFileType = sourcecode.swift; path = HomePresenter.swift; sourceTree = "<group>"; };
		841BB1EC29942E2400F74113 /* HomeModel.swift */ = {isa = PBXFileReference; lastKnownFileType = sourcecode.swift; path = HomeModel.swift; sourceTree = "<group>"; };
		841BB1EE299435C100F74113 /* SpecialStoreCell.swift */ = {isa = PBXFileReference; lastKnownFileType = sourcecode.swift; path = SpecialStoreCell.swift; sourceTree = "<group>"; };
		841BB1EF299435C100F74113 /* SpecialStoreCell.xib */ = {isa = PBXFileReference; lastKnownFileType = file.xib; path = SpecialStoreCell.xib; sourceTree = "<group>"; };
		841D356629A145F900004DB6 /* TrackOrderVC.swift */ = {isa = PBXFileReference; lastKnownFileType = sourcecode.swift; path = TrackOrderVC.swift; sourceTree = "<group>"; };
		841D356729A145F900004DB6 /* TrackOrderVC.xib */ = {isa = PBXFileReference; lastKnownFileType = file.xib; path = TrackOrderVC.xib; sourceTree = "<group>"; };
		84292A9E299990E4007BE0AD /* ProfileVC.swift */ = {isa = PBXFileReference; lastKnownFileType = sourcecode.swift; path = ProfileVC.swift; sourceTree = "<group>"; };
		84292A9F299990E4007BE0AD /* ProfileVC.xib */ = {isa = PBXFileReference; lastKnownFileType = file.xib; path = ProfileVC.xib; sourceTree = "<group>"; };
		84292AA229999C85007BE0AD /* ProfileModel.swift */ = {isa = PBXFileReference; lastKnownFileType = sourcecode.swift; path = ProfileModel.swift; sourceTree = "<group>"; };
		84292AA529999EFC007BE0AD /* EditeProfileVC.swift */ = {isa = PBXFileReference; lastKnownFileType = sourcecode.swift; path = EditeProfileVC.swift; sourceTree = "<group>"; };
		84292AA629999EFC007BE0AD /* EditeProfileVC.xib */ = {isa = PBXFileReference; lastKnownFileType = file.xib; path = EditeProfileVC.xib; sourceTree = "<group>"; };
		84292AA9299A5926007BE0AD /* Tajawal-Regular.ttf */ = {isa = PBXFileReference; lastKnownFileType = file; path = "Tajawal-Regular.ttf"; sourceTree = "<group>"; };
		84292AAA299A5926007BE0AD /* Tajawal-Bold.ttf */ = {isa = PBXFileReference; lastKnownFileType = file; path = "Tajawal-Bold.ttf"; sourceTree = "<group>"; };
		84292AAB299A5926007BE0AD /* Tajawal-Light.ttf */ = {isa = PBXFileReference; lastKnownFileType = file; path = "Tajawal-Light.ttf"; sourceTree = "<group>"; };
		84292AB0299AD1C0007BE0AD /* EditePasswordVC.swift */ = {isa = PBXFileReference; lastKnownFileType = sourcecode.swift; path = EditePasswordVC.swift; sourceTree = "<group>"; };
		84292AB6299ADE70007BE0AD /* MyOrderVC.swift */ = {isa = PBXFileReference; lastKnownFileType = sourcecode.swift; path = MyOrderVC.swift; sourceTree = "<group>"; };
		84292AB7299ADE70007BE0AD /* MyOrderVC.xib */ = {isa = PBXFileReference; lastKnownFileType = file.xib; path = MyOrderVC.xib; sourceTree = "<group>"; };
		84292ABA299AE21A007BE0AD /* CurrentOrderVC.swift */ = {isa = PBXFileReference; lastKnownFileType = sourcecode.swift; path = CurrentOrderVC.swift; sourceTree = "<group>"; };
		84292ABB299AE21A007BE0AD /* CurrentOrderVC.xib */ = {isa = PBXFileReference; lastKnownFileType = file.xib; path = CurrentOrderVC.xib; sourceTree = "<group>"; };
		84292ABF299AE28F007BE0AD /* CurrentOrderCell.swift */ = {isa = PBXFileReference; lastKnownFileType = sourcecode.swift; path = CurrentOrderCell.swift; sourceTree = "<group>"; };
		84292AC0299AE28F007BE0AD /* CurrentOrderCell.xib */ = {isa = PBXFileReference; lastKnownFileType = file.xib; path = CurrentOrderCell.xib; sourceTree = "<group>"; };
		84292AC3299AEA2F007BE0AD /* CurrentOrderModel.swift */ = {isa = PBXFileReference; lastKnownFileType = sourcecode.swift; path = CurrentOrderModel.swift; sourceTree = "<group>"; };
		84292AC5299AEB57007BE0AD /* CurrentPresenter.swift */ = {isa = PBXFileReference; lastKnownFileType = sourcecode.swift; path = CurrentPresenter.swift; sourceTree = "<group>"; };
		84292ACC299C3636007BE0AD /* FinishedOrderVC.swift */ = {isa = PBXFileReference; lastKnownFileType = sourcecode.swift; path = FinishedOrderVC.swift; sourceTree = "<group>"; };
		84292ACD299C3636007BE0AD /* FinishedOrderVC.xib */ = {isa = PBXFileReference; lastKnownFileType = file.xib; path = FinishedOrderVC.xib; sourceTree = "<group>"; };
		84292AD0299C36F2007BE0AD /* FinishedOrderCell.swift */ = {isa = PBXFileReference; lastKnownFileType = sourcecode.swift; path = FinishedOrderCell.swift; sourceTree = "<group>"; };
		84292AD1299C36F2007BE0AD /* FinishedOrderCell.xib */ = {isa = PBXFileReference; lastKnownFileType = file.xib; path = FinishedOrderCell.xib; sourceTree = "<group>"; };
		84292AD4299C39D3007BE0AD /* finshOrderPresenter.swift */ = {isa = PBXFileReference; lastKnownFileType = sourcecode.swift; path = finshOrderPresenter.swift; sourceTree = "<group>"; };
		84292AD7299C3D62007BE0AD /* CancelOrderCell.swift */ = {isa = PBXFileReference; lastKnownFileType = sourcecode.swift; path = CancelOrderCell.swift; sourceTree = "<group>"; };
		84292AD8299C3D63007BE0AD /* CancelOrderCell.xib */ = {isa = PBXFileReference; lastKnownFileType = file.xib; path = CancelOrderCell.xib; sourceTree = "<group>"; };
		84292ADB299C3DCC007BE0AD /* CancelOrderVC.swift */ = {isa = PBXFileReference; lastKnownFileType = sourcecode.swift; path = CancelOrderVC.swift; sourceTree = "<group>"; };
		84292ADC299C3DCC007BE0AD /* CancelOrderVC.xib */ = {isa = PBXFileReference; lastKnownFileType = file.xib; path = CancelOrderVC.xib; sourceTree = "<group>"; };
		84292ADF299C3FC1007BE0AD /* CancelOrderPresenter.swift */ = {isa = PBXFileReference; lastKnownFileType = sourcecode.swift; path = CancelOrderPresenter.swift; sourceTree = "<group>"; };
		843E8F3829C62C6800E91C12 /* CartModel.swift */ = {isa = PBXFileReference; lastKnownFileType = sourcecode.swift; path = CartModel.swift; sourceTree = "<group>"; };
		843E8F3A29C62E1200E91C12 /* CartPresenter.swift */ = {isa = PBXFileReference; lastKnownFileType = sourcecode.swift; path = CartPresenter.swift; sourceTree = "<group>"; };
		844E88AE29BE5F1D00F157CF /* EditAddressVC.swift */ = {isa = PBXFileReference; lastKnownFileType = sourcecode.swift; path = EditAddressVC.swift; sourceTree = "<group>"; };
		844E88AF29BE5F1D00F157CF /* EditAddressVC.xib */ = {isa = PBXFileReference; lastKnownFileType = file.xib; path = EditAddressVC.xib; sourceTree = "<group>"; };
		844E88B329BE731300F157CF /* FavoriteVC.swift */ = {isa = PBXFileReference; lastKnownFileType = sourcecode.swift; path = FavoriteVC.swift; sourceTree = "<group>"; };
		844E88B429BE731300F157CF /* FavoriteVC.xib */ = {isa = PBXFileReference; lastKnownFileType = file.xib; path = FavoriteVC.xib; sourceTree = "<group>"; };
		844E88B729BE739B00F157CF /* FavoriteCell.swift */ = {isa = PBXFileReference; lastKnownFileType = sourcecode.swift; path = FavoriteCell.swift; sourceTree = "<group>"; };
		844E88B829BE739B00F157CF /* FavoriteCell.xib */ = {isa = PBXFileReference; lastKnownFileType = file.xib; path = FavoriteCell.xib; sourceTree = "<group>"; };
		844E88BB29BE786100F157CF /* FavoriteModel.swift */ = {isa = PBXFileReference; lastKnownFileType = sourcecode.swift; path = FavoriteModel.swift; sourceTree = "<group>"; };
		844E88BD29BE78BA00F157CF /* FavoritePresenter.swift */ = {isa = PBXFileReference; lastKnownFileType = sourcecode.swift; path = FavoritePresenter.swift; sourceTree = "<group>"; };
		844E88BF29BE7FD200F157CF /* AddressPosition.swift */ = {isa = PBXFileReference; lastKnownFileType = sourcecode.swift; path = AddressPosition.swift; sourceTree = "<group>"; };
		8453F3EB29BFBE6C00F06E67 /* CartVC.swift */ = {isa = PBXFileReference; lastKnownFileType = sourcecode.swift; path = CartVC.swift; sourceTree = "<group>"; };
		8453F3EC29BFBE6C00F06E67 /* CartVC.xib */ = {isa = PBXFileReference; lastKnownFileType = file.xib; path = CartVC.xib; sourceTree = "<group>"; };
		8453F3F029BFC09100F06E67 /* CartProductCell.swift */ = {isa = PBXFileReference; lastKnownFileType = sourcecode.swift; path = CartProductCell.swift; sourceTree = "<group>"; };
		8453F3F129BFC09100F06E67 /* CartProductCell.xib */ = {isa = PBXFileReference; lastKnownFileType = file.xib; path = CartProductCell.xib; sourceTree = "<group>"; };
		845F032029AB8749006EB4C2 /* StoreVC.swift */ = {isa = PBXFileReference; lastKnownFileType = sourcecode.swift; path = StoreVC.swift; sourceTree = "<group>"; };
		845F032129AB8749006EB4C2 /* StoreVC.xib */ = {isa = PBXFileReference; lastKnownFileType = file.xib; path = StoreVC.xib; sourceTree = "<group>"; };
		845F032529AB94BA006EB4C2 /* CategorycollectionCell.swift */ = {isa = PBXFileReference; lastKnownFileType = sourcecode.swift; path = CategorycollectionCell.swift; sourceTree = "<group>"; };
		845F032629AB94BA006EB4C2 /* CategorycollectionCell.xib */ = {isa = PBXFileReference; lastKnownFileType = file.xib; path = CategorycollectionCell.xib; sourceTree = "<group>"; };
		845F032E29ABA471006EB4C2 /* ProductionViewCell.swift */ = {isa = PBXFileReference; lastKnownFileType = sourcecode.swift; path = ProductionViewCell.swift; sourceTree = "<group>"; };
		845F032F29ABA471006EB4C2 /* ProductionViewCell.xib */ = {isa = PBXFileReference; lastKnownFileType = file.xib; path = ProductionViewCell.xib; sourceTree = "<group>"; };
		849486FB299D5EFE0049EE07 /* NearStorePresenter.swift */ = {isa = PBXFileReference; lastKnownFileType = sourcecode.swift; path = NearStorePresenter.swift; sourceTree = "<group>"; };
		849486FD299D61870049EE07 /* NearStoreModel.swift */ = {isa = PBXFileReference; lastKnownFileType = sourcecode.swift; path = NearStoreModel.swift; sourceTree = "<group>"; };
		849486FF299D65E50049EE07 /* LocationManger.swift */ = {isa = PBXFileReference; lastKnownFileType = sourcecode.swift; path = LocationManger.swift; sourceTree = "<group>"; };
		849F034B29BCF7820010A3F8 /* AddAddressVC.swift */ = {isa = PBXFileReference; lastKnownFileType = sourcecode.swift; path = AddAddressVC.swift; sourceTree = "<group>"; };
		849F034C29BCF7820010A3F8 /* AddAddressVC.xib */ = {isa = PBXFileReference; lastKnownFileType = file.xib; path = AddAddressVC.xib; sourceTree = "<group>"; };
		849F170A29DA13CE00EE81DE /* MessageVC.swift */ = {isa = PBXFileReference; lastKnownFileType = sourcecode.swift; path = MessageVC.swift; sourceTree = "<group>"; };
		849F170B29DA13CE00EE81DE /* MessageVC.xib */ = {isa = PBXFileReference; lastKnownFileType = file.xib; path = MessageVC.xib; sourceTree = "<group>"; };
		849F170E29DA145C00EE81DE /* MessagelistCell.swift */ = {isa = PBXFileReference; lastKnownFileType = sourcecode.swift; path = MessagelistCell.swift; sourceTree = "<group>"; };
		849F170F29DA145C00EE81DE /* MessagelistCell.xib */ = {isa = PBXFileReference; lastKnownFileType = file.xib; path = MessagelistCell.xib; sourceTree = "<group>"; };
		849F171229DA157C00EE81DE /* chatModel.swift */ = {isa = PBXFileReference; lastKnownFileType = sourcecode.swift; path = chatModel.swift; sourceTree = "<group>"; };
		849F171429DA15E200EE81DE /* messagePresenter.swift */ = {isa = PBXFileReference; lastKnownFileType = sourcecode.swift; path = messagePresenter.swift; sourceTree = "<group>"; };
		849F171729DA1DF000EE81DE /* ChatVC.swift */ = {isa = PBXFileReference; lastKnownFileType = sourcecode.swift; path = ChatVC.swift; sourceTree = "<group>"; };
		849F171829DA1DF000EE81DE /* ChatVC.xib */ = {isa = PBXFileReference; lastKnownFileType = file.xib; path = ChatVC.xib; sourceTree = "<group>"; };
		849F171B29DA1F3900EE81DE /* ChatModel.swift */ = {isa = PBXFileReference; lastKnownFileType = sourcecode.swift; path = ChatModel.swift; sourceTree = "<group>"; };
		849F171D29DA280500EE81DE /* ChatMessageCell.swift */ = {isa = PBXFileReference; lastKnownFileType = sourcecode.swift; path = ChatMessageCell.swift; sourceTree = "<group>"; };
		849F171E29DA280500EE81DE /* ChatMessageCell.xib */ = {isa = PBXFileReference; lastKnownFileType = file.xib; path = ChatMessageCell.xib; sourceTree = "<group>"; };
		849FFF2D29AFD11B00332478 /* ProductDetailsVC.swift */ = {isa = PBXFileReference; lastKnownFileType = sourcecode.swift; path = ProductDetailsVC.swift; sourceTree = "<group>"; };
		849FFF2E29AFD11B00332478 /* ProductDetailsVC.xib */ = {isa = PBXFileReference; lastKnownFileType = file.xib; path = ProductDetailsVC.xib; sourceTree = "<group>"; };
		849FFF3229AFE00B00332478 /* ProductRateVC.swift */ = {isa = PBXFileReference; lastKnownFileType = sourcecode.swift; path = ProductRateVC.swift; sourceTree = "<group>"; };
		849FFF3329AFE00B00332478 /* ProductRateVC.xib */ = {isa = PBXFileReference; lastKnownFileType = file.xib; path = ProductRateVC.xib; sourceTree = "<group>"; };
		849FFF3A29AFE21200332478 /* RateStoreCell.swift */ = {isa = PBXFileReference; lastKnownFileType = sourcecode.swift; path = RateStoreCell.swift; sourceTree = "<group>"; };
		849FFF3B29AFE21200332478 /* RateStoreCell.xib */ = {isa = PBXFileReference; lastKnownFileType = file.xib; path = RateStoreCell.xib; sourceTree = "<group>"; };
		84A980FD2990386D00D89A72 /* ForgetPassCodeVC.swift */ = {isa = PBXFileReference; lastKnownFileType = sourcecode.swift; path = ForgetPassCodeVC.swift; sourceTree = "<group>"; };
		84A9810029903EEA00D89A72 /* NewPasswordVC.swift */ = {isa = PBXFileReference; lastKnownFileType = sourcecode.swift; path = NewPasswordVC.swift; sourceTree = "<group>"; };
		84A981032990411B00D89A72 /* VerivicationCodeVC.swift */ = {isa = PBXFileReference; lastKnownFileType = sourcecode.swift; path = VerivicationCodeVC.swift; sourceTree = "<group>"; };
		84B13D1D29BCE1FE00F8B226 /* ShowlistAdressVC.swift */ = {isa = PBXFileReference; lastKnownFileType = sourcecode.swift; path = ShowlistAdressVC.swift; sourceTree = "<group>"; };
		84B13D1E29BCE1FE00F8B226 /* ShowlistAdressVC.xib */ = {isa = PBXFileReference; lastKnownFileType = file.xib; path = ShowlistAdressVC.xib; sourceTree = "<group>"; };
		84B13D2129BCE33100F8B226 /* AdressCell.swift */ = {isa = PBXFileReference; lastKnownFileType = sourcecode.swift; path = AdressCell.swift; sourceTree = "<group>"; };
		84B13D2229BCE33100F8B226 /* AdressCell.xib */ = {isa = PBXFileReference; lastKnownFileType = file.xib; path = AdressCell.xib; sourceTree = "<group>"; };
		84B13D2529BCE68D00F8B226 /* AddressListPresenter.swift */ = {isa = PBXFileReference; lastKnownFileType = sourcecode.swift; path = AddressListPresenter.swift; sourceTree = "<group>"; };
		84B13D2729BCE73700F8B226 /* AddressListModel.swift */ = {isa = PBXFileReference; lastKnownFileType = sourcecode.swift; path = AddressListModel.swift; sourceTree = "<group>"; };
		84B6CB622994E8420049192E /* NearStoreCell.swift */ = {isa = PBXFileReference; lastKnownFileType = sourcecode.swift; path = NearStoreCell.swift; sourceTree = "<group>"; };
		84B6CB632994E8420049192E /* NearStoreCell.xib */ = {isa = PBXFileReference; lastKnownFileType = file.xib; path = NearStoreCell.xib; sourceTree = "<group>"; };
		84B742A329A402550091AA34 /* TrackOrderModel.swift */ = {isa = PBXFileReference; lastKnownFileType = sourcecode.swift; path = TrackOrderModel.swift; sourceTree = "<group>"; };
		84B742A529A4037A0091AA34 /* TrackOrderPresenter.swift */ = {isa = PBXFileReference; lastKnownFileType = sourcecode.swift; path = TrackOrderPresenter.swift; sourceTree = "<group>"; };
		84B742A829A4282A0091AA34 /* IntroFirstPageVC.swift */ = {isa = PBXFileReference; lastKnownFileType = sourcecode.swift; path = IntroFirstPageVC.swift; sourceTree = "<group>"; };
		84B742A929A4282A0091AA34 /* IntroFirstPageVC.xib */ = {isa = PBXFileReference; lastKnownFileType = file.xib; path = IntroFirstPageVC.xib; sourceTree = "<group>"; };
		84B742AC29A430B10091AA34 /* IntroSecondPageVC.swift */ = {isa = PBXFileReference; lastKnownFileType = sourcecode.swift; path = IntroSecondPageVC.swift; sourceTree = "<group>"; };
		84B742AD29A430B10091AA34 /* IntroSecondPageVC.xib */ = {isa = PBXFileReference; lastKnownFileType = file.xib; path = IntroSecondPageVC.xib; sourceTree = "<group>"; };
		84B742B029A431E10091AA34 /* IntroThirdPageVC.swift */ = {isa = PBXFileReference; lastKnownFileType = sourcecode.swift; path = IntroThirdPageVC.swift; sourceTree = "<group>"; };
		84B742B129A431E10091AA34 /* IntroThirdPageVC.xib */ = {isa = PBXFileReference; lastKnownFileType = file.xib; path = IntroThirdPageVC.xib; sourceTree = "<group>"; };
		84D7229229D4DFE800B2777A /* PaymentModel.swift */ = {isa = PBXFileReference; lastKnownFileType = sourcecode.swift; path = PaymentModel.swift; sourceTree = "<group>"; };
		84D7229429D4E15900B2777A /* PaymentScrool.swift */ = {isa = PBXFileReference; lastKnownFileType = sourcecode.swift; path = PaymentScrool.swift; sourceTree = "<group>"; };
		84D7229629D4F0C400B2777A /* CheckOutPresenter.swift */ = {isa = PBXFileReference; lastKnownFileType = sourcecode.swift; path = CheckOutPresenter.swift; sourceTree = "<group>"; };
		84F5202D29B00DA70003F8D5 /* RateModel.swift */ = {isa = PBXFileReference; lastKnownFileType = sourcecode.swift; path = RateModel.swift; sourceTree = "<group>"; };
		84F5202F29B013C10003F8D5 /* ProductDetailsModel.swift */ = {isa = PBXFileReference; lastKnownFileType = sourcecode.swift; path = ProductDetailsModel.swift; sourceTree = "<group>"; };
		84F5203129B013F20003F8D5 /* ProductDetailsPresenter.swift */ = {isa = PBXFileReference; lastKnownFileType = sourcecode.swift; path = ProductDetailsPresenter.swift; sourceTree = "<group>"; };
		84FECA3729AC189F00637385 /* StoreModel.swift */ = {isa = PBXFileReference; lastKnownFileType = sourcecode.swift; path = StoreModel.swift; sourceTree = "<group>"; };
		84FECA3929AC1B1500637385 /* StorePresenter.swift */ = {isa = PBXFileReference; lastKnownFileType = sourcecode.swift; path = StorePresenter.swift; sourceTree = "<group>"; };
		D938FEDFF5CE5582D62E0F28 /* Pods_Zal_User.framework */ = {isa = PBXFileReference; explicitFileType = wrapper.framework; includeInIndex = 0; path = Pods_Zal_User.framework; sourceTree = BUILT_PRODUCTS_DIR; };
/* End PBXFileReference section */

/* Begin PBXFrameworksBuildPhase section */
		840AE71D298D70AC000BECE2 /* Frameworks */ = {
			isa = PBXFrameworksBuildPhase;
			buildActionMask = 2147483647;
			files = (
				4510DF3F6BCBA4AB48214219 /* Pods_Zal_User.framework in Frameworks */,
			);
			runOnlyForDeploymentPostprocessing = 0;
		};
/* End PBXFrameworksBuildPhase section */

/* Begin PBXGroup section */
		8402D7E329CB8BF100CC3E90 /* checkout */ = {
			isa = PBXGroup;
			children = (
				8402D7E429CB8C0A00CC3E90 /* CheckOutVC.swift */,
				8402D7E529CB8C0A00CC3E90 /* CheckOutVC.xib */,
				84D7229229D4DFE800B2777A /* PaymentModel.swift */,
				84D7229629D4F0C400B2777A /* CheckOutPresenter.swift */,
			);
			path = checkout;
			sourceTree = "<group>";
		};
		840AE717298D70AC000BECE2 = {
			isa = PBXGroup;
			children = (
				840AE722298D70AC000BECE2 /* Zal_User */,
				84292AAA299A5926007BE0AD /* Tajawal-Bold.ttf */,
				84292AAB299A5926007BE0AD /* Tajawal-Light.ttf */,
				84292AA9299A5926007BE0AD /* Tajawal-Regular.ttf */,
				840AE721298D70AC000BECE2 /* Products */,
				B38D425314DDC2CE304EB740 /* Pods */,
				AEC734160927DA1796338434 /* Frameworks */,
			);
			sourceTree = "<group>";
		};
		840AE721298D70AC000BECE2 /* Products */ = {
			isa = PBXGroup;
			children = (
				840AE720298D70AC000BECE2 /* Zal_User.app */,
			);
			name = Products;
			sourceTree = "<group>";
		};
		840AE722298D70AC000BECE2 /* Zal_User */ = {
			isa = PBXGroup;
			children = (
				841BB1DB29941FC600F74113 /* Controller */,
				840AE755298D7FCD000BECE2 /* Network */,
				840AE74C298D7CDB000BECE2 /* Helper */,
				840AE73B298D7BA7000BECE2 /* Extentions */,
				840AE723298D70AC000BECE2 /* AppDelegate.swift */,
				840AE729298D70AC000BECE2 /* Main.storyboard */,
				840AE72C298D70AD000BECE2 /* Assets.xcassets */,
				840AE72E298D70AD000BECE2 /* LaunchScreen.storyboard */,
				840AE731298D70AD000BECE2 /* Info.plist */,
			);
			path = Zal_User;
			sourceTree = "<group>";
		};
		840AE737298D77D1000BECE2 /* Auth */ = {
			isa = PBXGroup;
			children = (
				84B742A729A427F00091AA34 /* Intro */,
				840AE771298EFCC2000BECE2 /* ForgetPass */,
				840AE762298D93C9000BECE2 /* SignUP */,
				840AE738298D77DC000BECE2 /* Login */,
			);
			path = Auth;
			sourceTree = "<group>";
		};
		840AE738298D77DC000BECE2 /* Login */ = {
			isa = PBXGroup;
			children = (
				840AE739298D77F5000BECE2 /* LoginVC.swift */,
				840AE75E298D8364000BECE2 /* LoginPresenter.swift */,
				840AE760298D83C1000BECE2 /* UserModel.swift */,
			);
			path = Login;
			sourceTree = "<group>";
		};
		840AE73B298D7BA7000BECE2 /* Extentions */ = {
			isa = PBXGroup;
			children = (
				840AE73C298D7BBA000BECE2 /* UiRespond.swift */,
				840AE73E298D7BD5000BECE2 /* Langua.swift */,
				840AE740298D7BF0000BECE2 /* UIViewController.swift */,
				840AE742298D7C0E000BECE2 /* String.swift */,
				840AE744298D7C30000BECE2 /* CALayer.swift */,
				840AE746298D7C53000BECE2 /* uitabelViewExtention.swift */,
				840AE748298D7C6D000BECE2 /* ReusableUIView+Extension.swift */,
				840AE74A298D7C8A000BECE2 /* uiimageExtention.swift */,
			);
			path = Extentions;
			sourceTree = "<group>";
		};
		840AE74C298D7CDB000BECE2 /* Helper */ = {
			isa = PBXGroup;
			children = (
				840AE74D298D7CF0000BECE2 /* AuthServisces.swift */,
				840AE74F298D7D43000BECE2 /* DateController.swift */,
				840AE750298D7D43000BECE2 /* DateController.xib */,
				840AE753298D7EE8000BECE2 /* Constant.swift */,
				840AE765298D9ACC000BECE2 /* CityPosition.swift */,
				840AE769298D9C0B000BECE2 /* AreaPosition.swift */,
				849486FF299D65E50049EE07 /* LocationManger.swift */,
				844E88BF29BE7FD200F157CF /* AddressPosition.swift */,
				84D7229429D4E15900B2777A /* PaymentScrool.swift */,
			);
			path = Helper;
			sourceTree = "<group>";
		};
		840AE755298D7FCD000BECE2 /* Network */ = {
			isa = PBXGroup;
			children = (
				840AE756298D7FE2000BECE2 /* NetworkManager.swift */,
				840AE758298D8001000BECE2 /* HttpHeader.swift */,
				840AE75A298D80AD000BECE2 /* BaseCodebal.swift */,
				840AE75C298D80C9000BECE2 /* Router.swift */,
			);
			path = Network;
			sourceTree = "<group>";
		};
		840AE762298D93C9000BECE2 /* SignUP */ = {
			isa = PBXGroup;
			children = (
				84A98102299040FE00D89A72 /* VerivicationCode */,
				840AE763298D93DE000BECE2 /* SignUP.swift */,
				840AE767298D9B1B000BECE2 /* cityModel.swift */,
				840AE76B298D9CA2000BECE2 /* MapPageVC.swift */,
				840AE76C298D9CA2000BECE2 /* MapPageVC.xib */,
				840AE76F298D9D3D000BECE2 /* SignUpPresenter.swift */,
			);
			path = SignUP;
			sourceTree = "<group>";
		};
		840AE771298EFCC2000BECE2 /* ForgetPass */ = {
			isa = PBXGroup;
			children = (
				840AE772298EFCDA000BECE2 /* ForgetPassVC.swift */,
				84A980FF29903ECF00D89A72 /* NewPassword */,
				84A980FC2990380A00D89A72 /* vervicationCode */,
				840AE774298EFE9B000BECE2 /* ForgetModel.swift */,
			);
			path = ForgetPass;
			sourceTree = "<group>";
		};
		8415E9DE29996435007B1A48 /* NearStore */ = {
			isa = PBXGroup;
			children = (
				8415E9DF29996513007B1A48 /* NearStoreVC.swift */,
				8415E9E029996513007B1A48 /* NearStoreVC.xib */,
				8415E9E329996701007B1A48 /* NearStoreTabelCell.swift */,
				8415E9E429996701007B1A48 /* NearStoreTabelCell.xib */,
				849486FB299D5EFE0049EE07 /* NearStorePresenter.swift */,
				849486FD299D61870049EE07 /* NearStoreModel.swift */,
			);
			path = NearStore;
			sourceTree = "<group>";
		};
		841A823B299D72E500141DEE /* MoreList */ = {
			isa = PBXGroup;
			children = (
				841A823C299D72F900141DEE /* MoreModel.swift */,
				841A823E299D732D00141DEE /* MoreVC.swift */,
				841A823F299D732D00141DEE /* MoreVC.xib */,
				841A8242299D736E00141DEE /* MoreCell.swift */,
				841A8243299D736E00141DEE /* MoreCell.xib */,
			);
			path = MoreList;
			sourceTree = "<group>";
		};
		841BB1DB29941FC600F74113 /* Controller */ = {
			isa = PBXGroup;
			children = (
				841BB1E12994216C00F74113 /* Tabbar */,
				840AE737298D77D1000BECE2 /* Auth */,
			);
			path = Controller;
			sourceTree = "<group>";
		};
		841BB1DC29941FD900F74113 /* Home */ = {
			isa = PBXGroup;
			children = (
				849FFF2C29AFD0E500332478 /* ProductDetails */,
				845F031F29AB8717006EB4C2 /* Store */,
				8415E9DE29996435007B1A48 /* NearStore */,
				841BB1E6299421C500F74113 /* HomeVC.swift */,
				841BB1E7299421C500F74113 /* HomeVC.xib */,
				841BB1EA29942CD000F74113 /* HomePresenter.swift */,
				841BB1EC29942E2400F74113 /* HomeModel.swift */,
				841BB1EE299435C100F74113 /* SpecialStoreCell.swift */,
				841BB1EF299435C100F74113 /* SpecialStoreCell.xib */,
				84B6CB622994E8420049192E /* NearStoreCell.swift */,
				84B6CB632994E8420049192E /* NearStoreCell.xib */,
			);
			path = Home;
			sourceTree = "<group>";
		};
		841BB1E12994216C00F74113 /* Tabbar */ = {
			isa = PBXGroup;
			children = (
				849F170929DA13A900EE81DE /* Chat */,
				8453F3EA29BFBE5700F06E67 /* Cart */,
				84292AB4299ADE51007BE0AD /* More */,
				841BB1DC29941FD900F74113 /* Home */,
				841BB1DD299420DE00F74113 /* HomeTabbarVC.swift */,
				841BB1DE299420DE00F74113 /* HomeTabbarVC.xib */,
			);
			path = Tabbar;
			sourceTree = "<group>";
		};
		841D356529A145D400004DB6 /* TrackOrder */ = {
			isa = PBXGroup;
			children = (
				841D356629A145F900004DB6 /* TrackOrderVC.swift */,
				841D356729A145F900004DB6 /* TrackOrderVC.xib */,
				84B742A329A402550091AA34 /* TrackOrderModel.swift */,
				84B742A529A4037A0091AA34 /* TrackOrderPresenter.swift */,
			);
			path = TrackOrder;
			sourceTree = "<group>";
		};
		84292A9D29999079007BE0AD /* Profile */ = {
			isa = PBXGroup;
			children = (
				84B13D1C29BCE13D00F8B226 /* AdressList */,
				84292AAF299AD1A5007BE0AD /* EditPass */,
				84292AA429999EE4007BE0AD /* EditeProfile */,
				84292A9E299990E4007BE0AD /* ProfileVC.swift */,
				84292A9F299990E4007BE0AD /* ProfileVC.xib */,
				84292AA229999C85007BE0AD /* ProfileModel.swift */,
			);
			path = Profile;
			sourceTree = "<group>";
		};
		84292AA429999EE4007BE0AD /* EditeProfile */ = {
			isa = PBXGroup;
			children = (
				84292AA529999EFC007BE0AD /* EditeProfileVC.swift */,
				84292AA629999EFC007BE0AD /* EditeProfileVC.xib */,
			);
			path = EditeProfile;
			sourceTree = "<group>";
		};
		84292AAF299AD1A5007BE0AD /* EditPass */ = {
			isa = PBXGroup;
			children = (
				84292AB0299AD1C0007BE0AD /* EditePasswordVC.swift */,
			);
			path = EditPass;
			sourceTree = "<group>";
		};
		84292AB4299ADE51007BE0AD /* More */ = {
			isa = PBXGroup;
			children = (
				844E88B229BE72F700F157CF /* Favorites */,
				841A823B299D72E500141DEE /* MoreList */,
				84292AB5299ADE59007BE0AD /* MyOrder */,
				84292A9D29999079007BE0AD /* Profile */,
			);
			path = More;
			sourceTree = "<group>";
		};
		84292AB5299ADE59007BE0AD /* MyOrder */ = {
			isa = PBXGroup;
			children = (
				841D356529A145D400004DB6 /* TrackOrder */,
				84292AD6299C3CAE007BE0AD /* CancledOrder */,
				84292ACB299C3617007BE0AD /* finisheOrder */,
				84292ABE299AE26D007BE0AD /* CurrentOrder */,
				84292AB6299ADE70007BE0AD /* MyOrderVC.swift */,
				84292AB7299ADE70007BE0AD /* MyOrderVC.xib */,
			);
			path = MyOrder;
			sourceTree = "<group>";
		};
		84292ABE299AE26D007BE0AD /* CurrentOrder */ = {
			isa = PBXGroup;
			children = (
				84292ABA299AE21A007BE0AD /* CurrentOrderVC.swift */,
				84292ABB299AE21A007BE0AD /* CurrentOrderVC.xib */,
				84292ABF299AE28F007BE0AD /* CurrentOrderCell.swift */,
				84292AC0299AE28F007BE0AD /* CurrentOrderCell.xib */,
				84292AC3299AEA2F007BE0AD /* CurrentOrderModel.swift */,
				84292AC5299AEB57007BE0AD /* CurrentPresenter.swift */,
			);
			path = CurrentOrder;
			sourceTree = "<group>";
		};
		84292ACB299C3617007BE0AD /* finisheOrder */ = {
			isa = PBXGroup;
			children = (
				84292ACC299C3636007BE0AD /* FinishedOrderVC.swift */,
				84292ACD299C3636007BE0AD /* FinishedOrderVC.xib */,
				84292AD0299C36F2007BE0AD /* FinishedOrderCell.swift */,
				84292AD1299C36F2007BE0AD /* FinishedOrderCell.xib */,
				84292AD4299C39D3007BE0AD /* finshOrderPresenter.swift */,
			);
			path = finisheOrder;
			sourceTree = "<group>";
		};
		84292AD6299C3CAE007BE0AD /* CancledOrder */ = {
			isa = PBXGroup;
			children = (
				84292AD7299C3D62007BE0AD /* CancelOrderCell.swift */,
				84292AD8299C3D63007BE0AD /* CancelOrderCell.xib */,
				84292ADB299C3DCC007BE0AD /* CancelOrderVC.swift */,
				84292ADC299C3DCC007BE0AD /* CancelOrderVC.xib */,
				84292ADF299C3FC1007BE0AD /* CancelOrderPresenter.swift */,
			);
			path = CancledOrder;
			sourceTree = "<group>";
		};
		844E88AD29BE5F0000F157CF /* EditAddress */ = {
			isa = PBXGroup;
			children = (
				844E88AE29BE5F1D00F157CF /* EditAddressVC.swift */,
				844E88AF29BE5F1D00F157CF /* EditAddressVC.xib */,
			);
			path = EditAddress;
			sourceTree = "<group>";
		};
		844E88B229BE72F700F157CF /* Favorites */ = {
			isa = PBXGroup;
			children = (
				844E88B329BE731300F157CF /* FavoriteVC.swift */,
				844E88B429BE731300F157CF /* FavoriteVC.xib */,
				844E88B729BE739B00F157CF /* FavoriteCell.swift */,
				844E88B829BE739B00F157CF /* FavoriteCell.xib */,
				844E88BB29BE786100F157CF /* FavoriteModel.swift */,
				844E88BD29BE78BA00F157CF /* FavoritePresenter.swift */,
			);
			path = Favorites;
			sourceTree = "<group>";
		};
		8453F3EA29BFBE5700F06E67 /* Cart */ = {
			isa = PBXGroup;
			children = (
				8402D7E329CB8BF100CC3E90 /* checkout */,
				8453F3EF29BFC06C00F06E67 /* CartCell */,
				8453F3EB29BFBE6C00F06E67 /* CartVC.swift */,
				8453F3EC29BFBE6C00F06E67 /* CartVC.xib */,
				843E8F3829C62C6800E91C12 /* CartModel.swift */,
				843E8F3A29C62E1200E91C12 /* CartPresenter.swift */,
			);
			path = Cart;
			sourceTree = "<group>";
		};
		8453F3EF29BFC06C00F06E67 /* CartCell */ = {
			isa = PBXGroup;
			children = (
				8453F3F029BFC09100F06E67 /* CartProductCell.swift */,
				8453F3F129BFC09100F06E67 /* CartProductCell.xib */,
			);
			path = CartCell;
			sourceTree = "<group>";
		};
		845F031F29AB8717006EB4C2 /* Store */ = {
			isa = PBXGroup;
			children = (
				845F032929ABA00E006EB4C2 /* productCell */,
				845F032429AB9493006EB4C2 /* CategoryCell */,
				845F032029AB8749006EB4C2 /* StoreVC.swift */,
				845F032129AB8749006EB4C2 /* StoreVC.xib */,
				84FECA3729AC189F00637385 /* StoreModel.swift */,
				84FECA3929AC1B1500637385 /* StorePresenter.swift */,
			);
			path = Store;
			sourceTree = "<group>";
		};
		845F032429AB9493006EB4C2 /* CategoryCell */ = {
			isa = PBXGroup;
			children = (
				845F032529AB94BA006EB4C2 /* CategorycollectionCell.swift */,
				845F032629AB94BA006EB4C2 /* CategorycollectionCell.xib */,
			);
			path = CategoryCell;
			sourceTree = "<group>";
		};
		845F032929ABA00E006EB4C2 /* productCell */ = {
			isa = PBXGroup;
			children = (
				845F032E29ABA471006EB4C2 /* ProductionViewCell.swift */,
				845F032F29ABA471006EB4C2 /* ProductionViewCell.xib */,
			);
			path = productCell;
			sourceTree = "<group>";
		};
		849F034A29BCF75D0010A3F8 /* AddAddress */ = {
			isa = PBXGroup;
			children = (
				849F034B29BCF7820010A3F8 /* AddAddressVC.swift */,
				849F034C29BCF7820010A3F8 /* AddAddressVC.xib */,
			);
			path = AddAddress;
			sourceTree = "<group>";
		};
		849F170929DA13A900EE81DE /* Chat */ = {
			isa = PBXGroup;
			children = (
				849F171629DA1DA400EE81DE /* Chats */,
				849F170A29DA13CE00EE81DE /* MessageVC.swift */,
				849F170B29DA13CE00EE81DE /* MessageVC.xib */,
				849F170E29DA145C00EE81DE /* MessagelistCell.swift */,
				849F170F29DA145C00EE81DE /* MessagelistCell.xib */,
				849F171229DA157C00EE81DE /* chatModel.swift */,
				849F171429DA15E200EE81DE /* messagePresenter.swift */,
			);
			path = Chat;
			sourceTree = "<group>";
		};
		849F171629DA1DA400EE81DE /* Chats */ = {
			isa = PBXGroup;
			children = (
				849F171729DA1DF000EE81DE /* ChatVC.swift */,
				849F171829DA1DF000EE81DE /* ChatVC.xib */,
				849F171B29DA1F3900EE81DE /* ChatModel.swift */,
				849F171D29DA280500EE81DE /* ChatMessageCell.swift */,
				849F171E29DA280500EE81DE /* ChatMessageCell.xib */,
			);
			path = Chats;
			sourceTree = "<group>";
		};
		849FFF2C29AFD0E500332478 /* ProductDetails */ = {
			isa = PBXGroup;
			children = (
				849FFF3129AFDFF100332478 /* ProductRate */,
				849FFF2D29AFD11B00332478 /* ProductDetailsVC.swift */,
				849FFF2E29AFD11B00332478 /* ProductDetailsVC.xib */,
				84F5202F29B013C10003F8D5 /* ProductDetailsModel.swift */,
				84F5203129B013F20003F8D5 /* ProductDetailsPresenter.swift */,
			);
			path = ProductDetails;
			sourceTree = "<group>";
		};
		849FFF3129AFDFF100332478 /* ProductRate */ = {
			isa = PBXGroup;
			children = (
				849FFF3229AFE00B00332478 /* ProductRateVC.swift */,
				849FFF3329AFE00B00332478 /* ProductRateVC.xib */,
				849FFF3A29AFE21200332478 /* RateStoreCell.swift */,
				849FFF3B29AFE21200332478 /* RateStoreCell.xib */,
				84F5202D29B00DA70003F8D5 /* RateModel.swift */,
			);
			path = ProductRate;
			sourceTree = "<group>";
		};
		84A980FC2990380A00D89A72 /* vervicationCode */ = {
			isa = PBXGroup;
			children = (
				84A980FD2990386D00D89A72 /* ForgetPassCodeVC.swift */,
			);
			path = vervicationCode;
			sourceTree = "<group>";
		};
		84A980FF29903ECF00D89A72 /* NewPassword */ = {
			isa = PBXGroup;
			children = (
				84A9810029903EEA00D89A72 /* NewPasswordVC.swift */,
			);
			path = NewPassword;
			sourceTree = "<group>";
		};
		84A98102299040FE00D89A72 /* VerivicationCode */ = {
			isa = PBXGroup;
			children = (
				84A981032990411B00D89A72 /* VerivicationCodeVC.swift */,
			);
			path = VerivicationCode;
			sourceTree = "<group>";
		};
		84B13D1C29BCE13D00F8B226 /* AdressList */ = {
			isa = PBXGroup;
			children = (
				844E88AD29BE5F0000F157CF /* EditAddress */,
				849F034A29BCF75D0010A3F8 /* AddAddress */,
				84B13D1D29BCE1FE00F8B226 /* ShowlistAdressVC.swift */,
				84B13D1E29BCE1FE00F8B226 /* ShowlistAdressVC.xib */,
				84B13D2129BCE33100F8B226 /* AdressCell.swift */,
				84B13D2229BCE33100F8B226 /* AdressCell.xib */,
				84B13D2529BCE68D00F8B226 /* AddressListPresenter.swift */,
				84B13D2729BCE73700F8B226 /* AddressListModel.swift */,
			);
			path = AdressList;
			sourceTree = "<group>";
		};
		84B742A729A427F00091AA34 /* Intro */ = {
			isa = PBXGroup;
			children = (
				84B742A829A4282A0091AA34 /* IntroFirstPageVC.swift */,
				84B742A929A4282A0091AA34 /* IntroFirstPageVC.xib */,
				84B742AC29A430B10091AA34 /* IntroSecondPageVC.swift */,
				84B742AD29A430B10091AA34 /* IntroSecondPageVC.xib */,
				84B742B029A431E10091AA34 /* IntroThirdPageVC.swift */,
				84B742B129A431E10091AA34 /* IntroThirdPageVC.xib */,
			);
			path = Intro;
			sourceTree = "<group>";
		};
		AEC734160927DA1796338434 /* Frameworks */ = {
			isa = PBXGroup;
			children = (
				D938FEDFF5CE5582D62E0F28 /* Pods_Zal_User.framework */,
			);
			name = Frameworks;
			sourceTree = "<group>";
		};
		B38D425314DDC2CE304EB740 /* Pods */ = {
			isa = PBXGroup;
			children = (
				7DC3E77B19EC5E2B96E508FB /* Pods-Zal_User.debug.xcconfig */,
				485C5ED39489569CBF6BD13B /* Pods-Zal_User.release.xcconfig */,
			);
			path = Pods;
			sourceTree = "<group>";
		};
/* End PBXGroup section */

/* Begin PBXNativeTarget section */
		840AE71F298D70AC000BECE2 /* Zal_User */ = {
			isa = PBXNativeTarget;
			buildConfigurationList = 840AE734298D70AD000BECE2 /* Build configuration list for PBXNativeTarget "Zal_User" */;
			buildPhases = (
				50996F0103621F5032754D1D /* [CP] Check Pods Manifest.lock */,
				840AE71C298D70AC000BECE2 /* Sources */,
				840AE71D298D70AC000BECE2 /* Frameworks */,
				840AE71E298D70AC000BECE2 /* Resources */,
				9E617C7D9BBA19BC54F8B223 /* [CP] Embed Pods Frameworks */,
				588B55CC68A4D0E788BBD829 /* [CP] Copy Pods Resources */,
			);
			buildRules = (
			);
			dependencies = (
			);
			name = Zal_User;
			productName = Zal_User;
			productReference = 840AE720298D70AC000BECE2 /* Zal_User.app */;
			productType = "com.apple.product-type.application";
		};
/* End PBXNativeTarget section */

/* Begin PBXProject section */
		840AE718298D70AC000BECE2 /* Project object */ = {
			isa = PBXProject;
			attributes = {
				BuildIndependentTargetsInParallel = 1;
				LastSwiftUpdateCheck = 1420;
				LastUpgradeCheck = 1420;
				TargetAttributes = {
					840AE71F298D70AC000BECE2 = {
						CreatedOnToolsVersion = 14.2;
					};
				};
			};
			buildConfigurationList = 840AE71B298D70AC000BECE2 /* Build configuration list for PBXProject "Zal_User" */;
			compatibilityVersion = "Xcode 13.0";
			developmentRegion = en;
			hasScannedForEncodings = 0;
			knownRegions = (
				en,
				Base,
			);
			mainGroup = 840AE717298D70AC000BECE2;
			productRefGroup = 840AE721298D70AC000BECE2 /* Products */;
			projectDirPath = "";
			projectRoot = "";
			targets = (
				840AE71F298D70AC000BECE2 /* Zal_User */,
			);
		};
/* End PBXProject section */

/* Begin PBXResourcesBuildPhase section */
		840AE71E298D70AC000BECE2 /* Resources */ = {
			isa = PBXResourcesBuildPhase;
			buildActionMask = 2147483647;
			files = (
				84B742AF29A430B10091AA34 /* IntroSecondPageVC.xib in Resources */,
				84292ADE299C3DCC007BE0AD /* CancelOrderVC.xib in Resources */,
				844E88BA29BE739B00F157CF /* FavoriteCell.xib in Resources */,
				844E88B129BE5F1D00F157CF /* EditAddressVC.xib in Resources */,
				845F033129ABA471006EB4C2 /* ProductionViewCell.xib in Resources */,
				84B13D2429BCE33100F8B226 /* AdressCell.xib in Resources */,
				849F171A29DA1DF000EE81DE /* ChatVC.xib in Resources */,
				8453F3F329BFC09100F06E67 /* CartProductCell.xib in Resources */,
				849FFF3D29AFE21200332478 /* RateStoreCell.xib in Resources */,
				849FFF3029AFD11B00332478 /* ProductDetailsVC.xib in Resources */,
				840AE730298D70AD000BECE2 /* LaunchScreen.storyboard in Resources */,
				84292AD3299C36F2007BE0AD /* FinishedOrderCell.xib in Resources */,
				8453F3EE29BFBE6C00F06E67 /* CartVC.xib in Resources */,
				84292AA829999EFC007BE0AD /* EditeProfileVC.xib in Resources */,
				84292AC2299AE28F007BE0AD /* CurrentOrderCell.xib in Resources */,
				84B13D2029BCE1FE00F8B226 /* ShowlistAdressVC.xib in Resources */,
				849F170D29DA13CE00EE81DE /* MessageVC.xib in Resources */,
				84292ADA299C3D64007BE0AD /* CancelOrderCell.xib in Resources */,
				840AE76E298D9CA2000BECE2 /* MapPageVC.xib in Resources */,
				841A8241299D732D00141DEE /* MoreVC.xib in Resources */,
				84B6CB652994E8420049192E /* NearStoreCell.xib in Resources */,
				840AE752298D7D43000BECE2 /* DateController.xib in Resources */,
				84292AA1299990E4007BE0AD /* ProfileVC.xib in Resources */,
				841A8245299D736E00141DEE /* MoreCell.xib in Resources */,
				84292AAE299A5926007BE0AD /* Tajawal-Light.ttf in Resources */,
				841BB1F1299435C100F74113 /* SpecialStoreCell.xib in Resources */,
				849F171129DA145C00EE81DE /* MessagelistCell.xib in Resources */,
				840AE72D298D70AD000BECE2 /* Assets.xcassets in Resources */,
				845F032829AB94BA006EB4C2 /* CategorycollectionCell.xib in Resources */,
				840AE72B298D70AC000BECE2 /* Main.storyboard in Resources */,
				844E88B629BE731300F157CF /* FavoriteVC.xib in Resources */,
				841BB1E0299420DE00F74113 /* HomeTabbarVC.xib in Resources */,
				84292AB9299ADE70007BE0AD /* MyOrderVC.xib in Resources */,
				8415E9E629996701007B1A48 /* NearStoreTabelCell.xib in Resources */,
				8415E9E229996513007B1A48 /* NearStoreVC.xib in Resources */,
				84292AAC299A5926007BE0AD /* Tajawal-Regular.ttf in Resources */,
				84B742AB29A4282A0091AA34 /* IntroFirstPageVC.xib in Resources */,
				849F034E29BCF7820010A3F8 /* AddAddressVC.xib in Resources */,
				84292ABD299AE21A007BE0AD /* CurrentOrderVC.xib in Resources */,
				845F032329AB8749006EB4C2 /* StoreVC.xib in Resources */,
				84292AAD299A5926007BE0AD /* Tajawal-Bold.ttf in Resources */,
				849F172029DA280500EE81DE /* ChatMessageCell.xib in Resources */,
				841D356929A145F900004DB6 /* TrackOrderVC.xib in Resources */,
				841BB1E9299421C500F74113 /* HomeVC.xib in Resources */,
				84B742B329A431E10091AA34 /* IntroThirdPageVC.xib in Resources */,
				849FFF3529AFE00B00332478 /* ProductRateVC.xib in Resources */,
				8402D7E729CB8C0A00CC3E90 /* CheckOutVC.xib in Resources */,
				84292ACF299C3636007BE0AD /* FinishedOrderVC.xib in Resources */,
			);
			runOnlyForDeploymentPostprocessing = 0;
		};
/* End PBXResourcesBuildPhase section */

/* Begin PBXShellScriptBuildPhase section */
		50996F0103621F5032754D1D /* [CP] Check Pods Manifest.lock */ = {
			isa = PBXShellScriptBuildPhase;
			buildActionMask = 2147483647;
			files = (
			);
			inputFileListPaths = (
			);
			inputPaths = (
				"${PODS_PODFILE_DIR_PATH}/Podfile.lock",
				"${PODS_ROOT}/Manifest.lock",
			);
			name = "[CP] Check Pods Manifest.lock";
			outputFileListPaths = (
			);
			outputPaths = (
				"$(DERIVED_FILE_DIR)/Pods-Zal_User-checkManifestLockResult.txt",
			);
			runOnlyForDeploymentPostprocessing = 0;
			shellPath = /bin/sh;
			shellScript = "diff \"${PODS_PODFILE_DIR_PATH}/Podfile.lock\" \"${PODS_ROOT}/Manifest.lock\" > /dev/null\nif [ $? != 0 ] ; then\n    # print error to STDERR\n    echo \"error: The sandbox is not in sync with the Podfile.lock. Run 'pod install' or update your CocoaPods installation.\" >&2\n    exit 1\nfi\n# This output is used by Xcode 'outputs' to avoid re-running this script phase.\necho \"SUCCESS\" > \"${SCRIPT_OUTPUT_FILE_0}\"\n";
			showEnvVarsInLog = 0;
		};
		588B55CC68A4D0E788BBD829 /* [CP] Copy Pods Resources */ = {
			isa = PBXShellScriptBuildPhase;
			buildActionMask = 2147483647;
			files = (
			);
			inputFileListPaths = (
				"${PODS_ROOT}/Target Support Files/Pods-Zal_User/Pods-Zal_User-resources-${CONFIGURATION}-input-files.xcfilelist",
			);
			name = "[CP] Copy Pods Resources";
			outputFileListPaths = (
				"${PODS_ROOT}/Target Support Files/Pods-Zal_User/Pods-Zal_User-resources-${CONFIGURATION}-output-files.xcfilelist",
			);
			runOnlyForDeploymentPostprocessing = 0;
			shellPath = /bin/sh;
			shellScript = "\"${PODS_ROOT}/Target Support Files/Pods-Zal_User/Pods-Zal_User-resources.sh\"\n";
			showEnvVarsInLog = 0;
		};
		9E617C7D9BBA19BC54F8B223 /* [CP] Embed Pods Frameworks */ = {
			isa = PBXShellScriptBuildPhase;
			buildActionMask = 2147483647;
			files = (
			);
			inputFileListPaths = (
				"${PODS_ROOT}/Target Support Files/Pods-Zal_User/Pods-Zal_User-frameworks-${CONFIGURATION}-input-files.xcfilelist",
			);
			name = "[CP] Embed Pods Frameworks";
			outputFileListPaths = (
				"${PODS_ROOT}/Target Support Files/Pods-Zal_User/Pods-Zal_User-frameworks-${CONFIGURATION}-output-files.xcfilelist",
			);
			runOnlyForDeploymentPostprocessing = 0;
			shellPath = /bin/sh;
			shellScript = "\"${PODS_ROOT}/Target Support Files/Pods-Zal_User/Pods-Zal_User-frameworks.sh\"\n";
			showEnvVarsInLog = 0;
		};
/* End PBXShellScriptBuildPhase section */

/* Begin PBXSourcesBuildPhase section */
		840AE71C298D70AC000BECE2 /* Sources */ = {
			isa = PBXSourcesBuildPhase;
			buildActionMask = 2147483647;
			files = (
				84B742B229A431E10091AA34 /* IntroThirdPageVC.swift in Sources */,
				840AE74E298D7CF0000BECE2 /* AuthServisces.swift in Sources */,
				840AE75B298D80AD000BECE2 /* BaseCodebal.swift in Sources */,
				845F032729AB94BA006EB4C2 /* CategorycollectionCell.swift in Sources */,
				844E88B529BE731300F157CF /* FavoriteVC.swift in Sources */,
				84FECA3A29AC1B1500637385 /* StorePresenter.swift in Sources */,
				849486FC299D5EFE0049EE07 /* NearStorePresenter.swift in Sources */,
				841D356829A145F900004DB6 /* TrackOrderVC.swift in Sources */,
				8453F3F229BFC09100F06E67 /* CartProductCell.swift in Sources */,
				84D7229329D4DFE800B2777A /* PaymentModel.swift in Sources */,
				840AE751298D7D43000BECE2 /* DateController.swift in Sources */,
				844E88B929BE739B00F157CF /* FavoriteCell.swift in Sources */,
				840AE743298D7C0E000BECE2 /* String.swift in Sources */,
				849F171029DA145C00EE81DE /* MessagelistCell.swift in Sources */,
				84292AD2299C36F2007BE0AD /* FinishedOrderCell.swift in Sources */,
				840AE768298D9B1B000BECE2 /* cityModel.swift in Sources */,
				849F171529DA15E200EE81DE /* messagePresenter.swift in Sources */,
				840AE73D298D7BBA000BECE2 /* UiRespond.swift in Sources */,
				840AE76D298D9CA2000BECE2 /* MapPageVC.swift in Sources */,
				841BB1F0299435C100F74113 /* SpecialStoreCell.swift in Sources */,
				841BB1DF299420DE00F74113 /* HomeTabbarVC.swift in Sources */,
				845F033029ABA471006EB4C2 /* ProductionViewCell.swift in Sources */,
				840AE74B298D7C8A000BECE2 /* uiimageExtention.swift in Sources */,
				841BB1E8299421C500F74113 /* HomeVC.swift in Sources */,
				840AE770298D9D3D000BECE2 /* SignUpPresenter.swift in Sources */,
				840AE775298EFE9B000BECE2 /* ForgetModel.swift in Sources */,
				84B13D2829BCE73700F8B226 /* AddressListModel.swift in Sources */,
				849FFF3429AFE00B00332478 /* ProductRateVC.swift in Sources */,
				844E88C029BE7FD200F157CF /* AddressPosition.swift in Sources */,
				8402D7E629CB8C0A00CC3E90 /* CheckOutVC.swift in Sources */,
				849FFF3C29AFE21200332478 /* RateStoreCell.swift in Sources */,
				84B6CB642994E8420049192E /* NearStoreCell.swift in Sources */,
				84F5202E29B00DA70003F8D5 /* RateModel.swift in Sources */,
				84292AC4299AEA2F007BE0AD /* CurrentOrderModel.swift in Sources */,
				841A8244299D736E00141DEE /* MoreCell.swift in Sources */,
				84B13D1F29BCE1FE00F8B226 /* ShowlistAdressVC.swift in Sources */,
				849FFF2F29AFD11B00332478 /* ProductDetailsVC.swift in Sources */,
				84292ACE299C3636007BE0AD /* FinishedOrderVC.swift in Sources */,
				840AE73A298D77F5000BECE2 /* LoginVC.swift in Sources */,
				8453F3ED29BFBE6C00F06E67 /* CartVC.swift in Sources */,
				84292AA329999C85007BE0AD /* ProfileModel.swift in Sources */,
				84292AE0299C3FC1007BE0AD /* CancelOrderPresenter.swift in Sources */,
				849F170C29DA13CE00EE81DE /* MessageVC.swift in Sources */,
				840AE724298D70AC000BECE2 /* AppDelegate.swift in Sources */,
				84B742AA29A4282A0091AA34 /* IntroFirstPageVC.swift in Sources */,
				8415E9E529996701007B1A48 /* NearStoreTabelCell.swift in Sources */,
				840AE747298D7C53000BECE2 /* uitabelViewExtention.swift in Sources */,
				840AE764298D93DE000BECE2 /* SignUP.swift in Sources */,
				840AE745298D7C30000BECE2 /* CALayer.swift in Sources */,
				84292AB2299AD1C0007BE0AD /* EditePasswordVC.swift in Sources */,
				843E8F3929C62C6800E91C12 /* CartModel.swift in Sources */,
				841A823D299D72F900141DEE /* MoreModel.swift in Sources */,
				84292AC1299AE28F007BE0AD /* CurrentOrderCell.swift in Sources */,
				84B13D2329BCE33100F8B226 /* AdressCell.swift in Sources */,
				8415E9E129996513007B1A48 /* NearStoreVC.swift in Sources */,
				849F171C29DA1F3900EE81DE /* ChatModel.swift in Sources */,
				84292AA0299990E4007BE0AD /* ProfileVC.swift in Sources */,
				844E88B029BE5F1D00F157CF /* EditAddressVC.swift in Sources */,
				84B13D2629BCE68D00F8B226 /* AddressListPresenter.swift in Sources */,
				84292AD9299C3D63007BE0AD /* CancelOrderCell.swift in Sources */,
				84292ADD299C3DCC007BE0AD /* CancelOrderVC.swift in Sources */,
				844E88BC29BE786100F157CF /* FavoriteModel.swift in Sources */,
				84D7229529D4E15900B2777A /* PaymentScrool.swift in Sources */,
				843E8F3B29C62E1200E91C12 /* CartPresenter.swift in Sources */,
				84292AC6299AEB57007BE0AD /* CurrentPresenter.swift in Sources */,
				84A980FE2990386D00D89A72 /* ForgetPassCodeVC.swift in Sources */,
				840AE766298D9ACC000BECE2 /* CityPosition.swift in Sources */,
				84F5203029B013C10003F8D5 /* ProductDetailsModel.swift in Sources */,
				840AE76A298D9C0B000BECE2 /* AreaPosition.swift in Sources */,
				84292ABC299AE21A007BE0AD /* CurrentOrderVC.swift in Sources */,
				844E88BE29BE78BA00F157CF /* FavoritePresenter.swift in Sources */,
				840AE773298EFCDA000BECE2 /* ForgetPassVC.swift in Sources */,
				841A8240299D732D00141DEE /* MoreVC.swift in Sources */,
				841BB1EB29942CD000F74113 /* HomePresenter.swift in Sources */,
				84A9810129903EEA00D89A72 /* NewPasswordVC.swift in Sources */,
				84A981042990411B00D89A72 /* VerivicationCodeVC.swift in Sources */,
				840AE75D298D80C9000BECE2 /* Router.swift in Sources */,
				84948700299D65E50049EE07 /* LocationManger.swift in Sources */,
				84B742AE29A430B10091AA34 /* IntroSecondPageVC.swift in Sources */,
				84B742A629A4037A0091AA34 /* TrackOrderPresenter.swift in Sources */,
				840AE754298D7EE8000BECE2 /* Constant.swift in Sources */,
				849F034D29BCF7820010A3F8 /* AddAddressVC.swift in Sources */,
				841BB1ED29942E2400F74113 /* HomeModel.swift in Sources */,
				849486FE299D61870049EE07 /* NearStoreModel.swift in Sources */,
				840AE75F298D8364000BECE2 /* LoginPresenter.swift in Sources */,
				849F171929DA1DF000EE81DE /* ChatVC.swift in Sources */,
				84292AA729999EFC007BE0AD /* EditeProfileVC.swift in Sources */,
				849F171F29DA280500EE81DE /* ChatMessageCell.swift in Sources */,
				84B742A429A402550091AA34 /* TrackOrderModel.swift in Sources */,
				84292AD5299C39D3007BE0AD /* finshOrderPresenter.swift in Sources */,
				840AE757298D7FE2000BECE2 /* NetworkManager.swift in Sources */,
				840AE759298D8001000BECE2 /* HttpHeader.swift in Sources */,
				845F032229AB8749006EB4C2 /* StoreVC.swift in Sources */,
				840AE761298D83C1000BECE2 /* UserModel.swift in Sources */,
				84292AB8299ADE70007BE0AD /* MyOrderVC.swift in Sources */,
				84F5203229B013F20003F8D5 /* ProductDetailsPresenter.swift in Sources */,
				840AE73F298D7BD5000BECE2 /* Langua.swift in Sources */,
				840AE749298D7C6D000BECE2 /* ReusableUIView+Extension.swift in Sources */,
				84D7229729D4F0C400B2777A /* CheckOutPresenter.swift in Sources */,
				849F171329DA157C00EE81DE /* chatModel.swift in Sources */,
				840AE741298D7BF1000BECE2 /* UIViewController.swift in Sources */,
				84FECA3829AC189F00637385 /* StoreModel.swift in Sources */,
			);
			runOnlyForDeploymentPostprocessing = 0;
		};
/* End PBXSourcesBuildPhase section */

/* Begin PBXVariantGroup section */
		840AE729298D70AC000BECE2 /* Main.storyboard */ = {
			isa = PBXVariantGroup;
			children = (
				840AE72A298D70AC000BECE2 /* Base */,
			);
			name = Main.storyboard;
			sourceTree = "<group>";
		};
		840AE72E298D70AD000BECE2 /* LaunchScreen.storyboard */ = {
			isa = PBXVariantGroup;
			children = (
				840AE72F298D70AD000BECE2 /* Base */,
			);
			name = LaunchScreen.storyboard;
			sourceTree = "<group>";
		};
/* End PBXVariantGroup section */

/* Begin XCBuildConfiguration section */
		840AE732298D70AD000BECE2 /* Debug */ = {
			isa = XCBuildConfiguration;
			buildSettings = {
				ALWAYS_SEARCH_USER_PATHS = NO;
				CLANG_ANALYZER_NONNULL = YES;
				CLANG_ANALYZER_NUMBER_OBJECT_CONVERSION = YES_AGGRESSIVE;
				CLANG_CXX_LANGUAGE_STANDARD = "gnu++20";
				CLANG_ENABLE_MODULES = YES;
				CLANG_ENABLE_OBJC_ARC = YES;
				CLANG_ENABLE_OBJC_WEAK = YES;
				CLANG_WARN_BLOCK_CAPTURE_AUTORELEASING = YES;
				CLANG_WARN_BOOL_CONVERSION = YES;
				CLANG_WARN_COMMA = YES;
				CLANG_WARN_CONSTANT_CONVERSION = YES;
				CLANG_WARN_DEPRECATED_OBJC_IMPLEMENTATIONS = YES;
				CLANG_WARN_DIRECT_OBJC_ISA_USAGE = YES_ERROR;
				CLANG_WARN_DOCUMENTATION_COMMENTS = YES;
				CLANG_WARN_EMPTY_BODY = YES;
				CLANG_WARN_ENUM_CONVERSION = YES;
				CLANG_WARN_INFINITE_RECURSION = YES;
				CLANG_WARN_INT_CONVERSION = YES;
				CLANG_WARN_NON_LITERAL_NULL_CONVERSION = YES;
				CLANG_WARN_OBJC_IMPLICIT_RETAIN_SELF = YES;
				CLANG_WARN_OBJC_LITERAL_CONVERSION = YES;
				CLANG_WARN_OBJC_ROOT_CLASS = YES_ERROR;
				CLANG_WARN_QUOTED_INCLUDE_IN_FRAMEWORK_HEADER = YES;
				CLANG_WARN_RANGE_LOOP_ANALYSIS = YES;
				CLANG_WARN_STRICT_PROTOTYPES = YES;
				CLANG_WARN_SUSPICIOUS_MOVE = YES;
				CLANG_WARN_UNGUARDED_AVAILABILITY = YES_AGGRESSIVE;
				CLANG_WARN_UNREACHABLE_CODE = YES;
				CLANG_WARN__DUPLICATE_METHOD_MATCH = YES;
				COPY_PHASE_STRIP = NO;
				DEBUG_INFORMATION_FORMAT = dwarf;
				ENABLE_STRICT_OBJC_MSGSEND = YES;
				ENABLE_TESTABILITY = YES;
				GCC_C_LANGUAGE_STANDARD = gnu11;
				GCC_DYNAMIC_NO_PIC = NO;
				GCC_NO_COMMON_BLOCKS = YES;
				GCC_OPTIMIZATION_LEVEL = 0;
				GCC_PREPROCESSOR_DEFINITIONS = (
					"DEBUG=1",
					"$(inherited)",
				);
				GCC_WARN_64_TO_32_BIT_CONVERSION = YES;
				GCC_WARN_ABOUT_RETURN_TYPE = YES_ERROR;
				GCC_WARN_UNDECLARED_SELECTOR = YES;
				GCC_WARN_UNINITIALIZED_AUTOS = YES_AGGRESSIVE;
				GCC_WARN_UNUSED_FUNCTION = YES;
				GCC_WARN_UNUSED_VARIABLE = YES;
				IPHONEOS_DEPLOYMENT_TARGET = 15.0;
				MTL_ENABLE_DEBUG_INFO = INCLUDE_SOURCE;
				MTL_FAST_MATH = YES;
				ONLY_ACTIVE_ARCH = YES;
				SDKROOT = iphoneos;
				SWIFT_ACTIVE_COMPILATION_CONDITIONS = DEBUG;
				SWIFT_OPTIMIZATION_LEVEL = "-Onone";
			};
			name = Debug;
		};
		840AE733298D70AD000BECE2 /* Release */ = {
			isa = XCBuildConfiguration;
			buildSettings = {
				ALWAYS_SEARCH_USER_PATHS = NO;
				CLANG_ANALYZER_NONNULL = YES;
				CLANG_ANALYZER_NUMBER_OBJECT_CONVERSION = YES_AGGRESSIVE;
				CLANG_CXX_LANGUAGE_STANDARD = "gnu++20";
				CLANG_ENABLE_MODULES = YES;
				CLANG_ENABLE_OBJC_ARC = YES;
				CLANG_ENABLE_OBJC_WEAK = YES;
				CLANG_WARN_BLOCK_CAPTURE_AUTORELEASING = YES;
				CLANG_WARN_BOOL_CONVERSION = YES;
				CLANG_WARN_COMMA = YES;
				CLANG_WARN_CONSTANT_CONVERSION = YES;
				CLANG_WARN_DEPRECATED_OBJC_IMPLEMENTATIONS = YES;
				CLANG_WARN_DIRECT_OBJC_ISA_USAGE = YES_ERROR;
				CLANG_WARN_DOCUMENTATION_COMMENTS = YES;
				CLANG_WARN_EMPTY_BODY = YES;
				CLANG_WARN_ENUM_CONVERSION = YES;
				CLANG_WARN_INFINITE_RECURSION = YES;
				CLANG_WARN_INT_CONVERSION = YES;
				CLANG_WARN_NON_LITERAL_NULL_CONVERSION = YES;
				CLANG_WARN_OBJC_IMPLICIT_RETAIN_SELF = YES;
				CLANG_WARN_OBJC_LITERAL_CONVERSION = YES;
				CLANG_WARN_OBJC_ROOT_CLASS = YES_ERROR;
				CLANG_WARN_QUOTED_INCLUDE_IN_FRAMEWORK_HEADER = YES;
				CLANG_WARN_RANGE_LOOP_ANALYSIS = YES;
				CLANG_WARN_STRICT_PROTOTYPES = YES;
				CLANG_WARN_SUSPICIOUS_MOVE = YES;
				CLANG_WARN_UNGUARDED_AVAILABILITY = YES_AGGRESSIVE;
				CLANG_WARN_UNREACHABLE_CODE = YES;
				CLANG_WARN__DUPLICATE_METHOD_MATCH = YES;
				COPY_PHASE_STRIP = NO;
				DEBUG_INFORMATION_FORMAT = "dwarf-with-dsym";
				ENABLE_NS_ASSERTIONS = NO;
				ENABLE_STRICT_OBJC_MSGSEND = YES;
				GCC_C_LANGUAGE_STANDARD = gnu11;
				GCC_NO_COMMON_BLOCKS = YES;
				GCC_WARN_64_TO_32_BIT_CONVERSION = YES;
				GCC_WARN_ABOUT_RETURN_TYPE = YES_ERROR;
				GCC_WARN_UNDECLARED_SELECTOR = YES;
				GCC_WARN_UNINITIALIZED_AUTOS = YES_AGGRESSIVE;
				GCC_WARN_UNUSED_FUNCTION = YES;
				GCC_WARN_UNUSED_VARIABLE = YES;
				IPHONEOS_DEPLOYMENT_TARGET = 15.0;
				MTL_ENABLE_DEBUG_INFO = NO;
				MTL_FAST_MATH = YES;
				SDKROOT = iphoneos;
				SWIFT_COMPILATION_MODE = wholemodule;
				SWIFT_OPTIMIZATION_LEVEL = "-O";
				VALIDATE_PRODUCT = YES;
			};
			name = Release;
		};
		840AE735298D70AD000BECE2 /* Debug */ = {
			isa = XCBuildConfiguration;
			baseConfigurationReference = 7DC3E77B19EC5E2B96E508FB /* Pods-Zal_User.debug.xcconfig */;
			buildSettings = {
				ASSETCATALOG_COMPILER_APPICON_NAME = AppIcon;
				ASSETCATALOG_COMPILER_GLOBAL_ACCENT_COLOR_NAME = AccentColor;
				CODE_SIGN_STYLE = Automatic;
				CURRENT_PROJECT_VERSION = 1;
				DEVELOPMENT_ASSET_PATHS = "Tajawal-Regular.ttf Tajawal-Bold.ttf Tajawal-Light.ttf";
				DEVELOPMENT_TEAM = 9BRR93VHFG;
				"EXCLUDED_ARCHS[sdk=iphonesimulator*]" = arm64;
				GENERATE_INFOPLIST_FILE = YES;
				INFOPLIST_FILE = Zal_User/Info.plist;
				INFOPLIST_KEY_UIApplicationSupportsIndirectInputEvents = YES;
				INFOPLIST_KEY_UILaunchStoryboardName = Main.storyboard;
				INFOPLIST_KEY_UIMainStoryboardFile = Main;
				INFOPLIST_KEY_UISupportedInterfaceOrientations_iPad = "UIInterfaceOrientationPortrait UIInterfaceOrientationPortraitUpsideDown UIInterfaceOrientationLandscapeLeft UIInterfaceOrientationLandscapeRight";
				INFOPLIST_KEY_UISupportedInterfaceOrientations_iPhone = "UIInterfaceOrientationPortrait UIInterfaceOrientationLandscapeLeft UIInterfaceOrientationLandscapeRight";
				IPHONEOS_DEPLOYMENT_TARGET = 15.0;
				LD_RUNPATH_SEARCH_PATHS = (
					"$(inherited)",
					"@executable_path/Frameworks",
				);
				MARKETING_VERSION = 1.0;
				PRODUCT_BUNDLE_IDENTIFIER = "Zal.com.Zal-User";
				PRODUCT_NAME = "$(TARGET_NAME)";
				SWIFT_EMIT_LOC_STRINGS = YES;
				SWIFT_VERSION = 5.0;
				TARGETED_DEVICE_FAMILY = "1,2";
			};
			name = Debug;
		};
		840AE736298D70AD000BECE2 /* Release */ = {
			isa = XCBuildConfiguration;
			baseConfigurationReference = 485C5ED39489569CBF6BD13B /* Pods-Zal_User.release.xcconfig */;
			buildSettings = {
				ASSETCATALOG_COMPILER_APPICON_NAME = AppIcon;
				ASSETCATALOG_COMPILER_GLOBAL_ACCENT_COLOR_NAME = AccentColor;
				CODE_SIGN_STYLE = Automatic;
				CURRENT_PROJECT_VERSION = 1;
				DEVELOPMENT_ASSET_PATHS = "Tajawal-Regular.ttf Tajawal-Bold.ttf Tajawal-Light.ttf";
				DEVELOPMENT_TEAM = 9BRR93VHFG;
				"EXCLUDED_ARCHS[sdk=iphonesimulator*]" = arm64;
				GENERATE_INFOPLIST_FILE = YES;
				INFOPLIST_FILE = Zal_User/Info.plist;
				INFOPLIST_KEY_UIApplicationSupportsIndirectInputEvents = YES;
				INFOPLIST_KEY_UILaunchStoryboardName = Main.storyboard;
				INFOPLIST_KEY_UIMainStoryboardFile = Main;
				INFOPLIST_KEY_UISupportedInterfaceOrientations_iPad = "UIInterfaceOrientationPortrait UIInterfaceOrientationPortraitUpsideDown UIInterfaceOrientationLandscapeLeft UIInterfaceOrientationLandscapeRight";
				INFOPLIST_KEY_UISupportedInterfaceOrientations_iPhone = "UIInterfaceOrientationPortrait UIInterfaceOrientationLandscapeLeft UIInterfaceOrientationLandscapeRight";
				IPHONEOS_DEPLOYMENT_TARGET = 15.0;
				LD_RUNPATH_SEARCH_PATHS = (
					"$(inherited)",
					"@executable_path/Frameworks",
				);
				MARKETING_VERSION = 1.0;
				ONLY_ACTIVE_ARCH = YES;
				PRODUCT_BUNDLE_IDENTIFIER = "Zal.com.Zal-User";
				PRODUCT_NAME = "$(TARGET_NAME)";
				SWIFT_EMIT_LOC_STRINGS = YES;
				SWIFT_VERSION = 5.0;
				TARGETED_DEVICE_FAMILY = "1,2";
			};
			name = Release;
		};
/* End XCBuildConfiguration section */

/* Begin XCConfigurationList section */
		840AE71B298D70AC000BECE2 /* Build configuration list for PBXProject "Zal_User" */ = {
			isa = XCConfigurationList;
			buildConfigurations = (
				840AE732298D70AD000BECE2 /* Debug */,
				840AE733298D70AD000BECE2 /* Release */,
			);
			defaultConfigurationIsVisible = 0;
			defaultConfigurationName = Release;
		};
		840AE734298D70AD000BECE2 /* Build configuration list for PBXNativeTarget "Zal_User" */ = {
			isa = XCConfigurationList;
			buildConfigurations = (
				840AE735298D70AD000BECE2 /* Debug */,
				840AE736298D70AD000BECE2 /* Release */,
			);
			defaultConfigurationIsVisible = 0;
			defaultConfigurationName = Release;
		};
/* End XCConfigurationList section */
	};
	rootObject = 840AE718298D70AC000BECE2 /* Project object */;
}
